// !$*UTF8*$!
{
	archiveVersion = 1;
	classes = {
	};
	objectVersion = 46;
	objects = {

/* Begin PBXBuildFile section */
		27159A991A7C6FD10030B9BF /* AppDelegate.swift in Sources */ = {isa = PBXBuildFile; fileRef = 27159A981A7C6FD10030B9BF /* AppDelegate.swift */; };
		27159A9C1A7C6FD10030B9BF /* RecipeBook.xcdatamodeld in Sources */ = {isa = PBXBuildFile; fileRef = 27159A9A1A7C6FD10030B9BF /* RecipeBook.xcdatamodeld */; };
		27159A9E1A7C6FD10030B9BF /* ViewController.swift in Sources */ = {isa = PBXBuildFile; fileRef = 27159A9D1A7C6FD10030B9BF /* ViewController.swift */; };
		27159AA11A7C6FD10030B9BF /* Main.storyboard in Resources */ = {isa = PBXBuildFile; fileRef = 27159A9F1A7C6FD10030B9BF /* Main.storyboard */; };
		27159AA31A7C6FD10030B9BF /* Images.xcassets in Resources */ = {isa = PBXBuildFile; fileRef = 27159AA21A7C6FD10030B9BF /* Images.xcassets */; };
		27159AA61A7C6FD10030B9BF /* LaunchScreen.xib in Resources */ = {isa = PBXBuildFile; fileRef = 27159AA41A7C6FD10030B9BF /* LaunchScreen.xib */; };
		27159AB21A7C6FD10030B9BF /* RecipeBookTests.swift in Sources */ = {isa = PBXBuildFile; fileRef = 27159AB11A7C6FD10030B9BF /* RecipeBookTests.swift */; };
/* End PBXBuildFile section */

/* Begin PBXContainerItemProxy section */
		27159AAC1A7C6FD10030B9BF /* PBXContainerItemProxy */ = {
			isa = PBXContainerItemProxy;
			containerPortal = 27159A8B1A7C6FD10030B9BF /* Project object */;
			proxyType = 1;
			remoteGlobalIDString = 27159A921A7C6FD10030B9BF;
			remoteInfo = RecipeBook;
		};
/* End PBXContainerItemProxy section */

/* Begin PBXFileReference section */
		27159A931A7C6FD10030B9BF /* RecipeBook.app */ = {isa = PBXFileReference; explicitFileType = wrapper.application; includeInIndex = 0; path = RecipeBook.app; sourceTree = BUILT_PRODUCTS_DIR; };
		27159A971A7C6FD10030B9BF /* Info.plist */ = {isa = PBXFileReference; lastKnownFileType = text.plist.xml; path = Info.plist; sourceTree = "<group>"; };
		27159A981A7C6FD10030B9BF /* AppDelegate.swift */ = {isa = PBXFileReference; lastKnownFileType = sourcecode.swift; path = AppDelegate.swift; sourceTree = "<group>"; };
		27159A9B1A7C6FD10030B9BF /* RecipeBook.xcdatamodel */ = {isa = PBXFileReference; lastKnownFileType = wrapper.xcdatamodel; path = RecipeBook.xcdatamodel; sourceTree = "<group>"; };
		27159A9D1A7C6FD10030B9BF /* ViewController.swift */ = {isa = PBXFileReference; lastKnownFileType = sourcecode.swift; path = ViewController.swift; sourceTree = "<group>"; };
		27159AA01A7C6FD10030B9BF /* Base */ = {isa = PBXFileReference; lastKnownFileType = file.storyboard; name = Base; path = Base.lproj/Main.storyboard; sourceTree = "<group>"; };
		27159AA21A7C6FD10030B9BF /* Images.xcassets */ = {isa = PBXFileReference; lastKnownFileType = folder.assetcatalog; path = Images.xcassets; sourceTree = "<group>"; };
		27159AA51A7C6FD10030B9BF /* Base */ = {isa = PBXFileReference; lastKnownFileType = file.xib; name = Base; path = Base.lproj/LaunchScreen.xib; sourceTree = "<group>"; };
		27159AAB1A7C6FD10030B9BF /* RecipeBookTests.xctest */ = {isa = PBXFileReference; explicitFileType = wrapper.cfbundle; includeInIndex = 0; path = RecipeBookTests.xctest; sourceTree = BUILT_PRODUCTS_DIR; };
		27159AB01A7C6FD10030B9BF /* Info.plist */ = {isa = PBXFileReference; lastKnownFileType = text.plist.xml; path = Info.plist; sourceTree = "<group>"; };
		27159AB11A7C6FD10030B9BF /* RecipeBookTests.swift */ = {isa = PBXFileReference; lastKnownFileType = sourcecode.swift; path = RecipeBookTests.swift; sourceTree = "<group>"; };
/* End PBXFileReference section */

/* Begin PBXFrameworksBuildPhase section */
		27159A901A7C6FD10030B9BF /* Frameworks */ = {
			isa = PBXFrameworksBuildPhase;
			buildActionMask = 2147483647;
			files = (
			);
			runOnlyForDeploymentPostprocessing = 0;
		};
		27159AA81A7C6FD10030B9BF /* Frameworks */ = {
			isa = PBXFrameworksBuildPhase;
			buildActionMask = 2147483647;
			files = (
			);
			runOnlyForDeploymentPostprocessing = 0;
		};
/* End PBXFrameworksBuildPhase section */

/* Begin PBXGroup section */
		27159A8A1A7C6FD10030B9BF = {
			isa = PBXGroup;
			children = (
				27159A951A7C6FD10030B9BF /* RecipeBook */,
				27159AAE1A7C6FD10030B9BF /* RecipeBookTests */,
				27159A941A7C6FD10030B9BF /* Products */,
			);
			sourceTree = "<group>";
		};
		27159A941A7C6FD10030B9BF /* Products */ = {
			isa = PBXGroup;
			children = (
				27159A931A7C6FD10030B9BF /* RecipeBook.app */,
				27159AAB1A7C6FD10030B9BF /* RecipeBookTests.xctest */,
			);
			name = Products;
			sourceTree = "<group>";
		};
		27159A951A7C6FD10030B9BF /* RecipeBook */ = {
			isa = PBXGroup;
			children = (
				27159A981A7C6FD10030B9BF /* AppDelegate.swift */,
				27159A9D1A7C6FD10030B9BF /* ViewController.swift */,
				27159A9F1A7C6FD10030B9BF /* Main.storyboard */,
				27159AA21A7C6FD10030B9BF /* Images.xcassets */,
				27159AA41A7C6FD10030B9BF /* LaunchScreen.xib */,
				27159A9A1A7C6FD10030B9BF /* RecipeBook.xcdatamodeld */,
				27159A961A7C6FD10030B9BF /* Supporting Files */,
			);
			path = RecipeBook;
			sourceTree = "<group>";
		};
		27159A961A7C6FD10030B9BF /* Supporting Files */ = {
			isa = PBXGroup;
			children = (
				27159A971A7C6FD10030B9BF /* Info.plist */,
			);
			name = "Supporting Files";
			sourceTree = "<group>";
		};
		27159AAE1A7C6FD10030B9BF /* RecipeBookTests */ = {
			isa = PBXGroup;
			children = (
				27159AB11A7C6FD10030B9BF /* RecipeBookTests.swift */,
				27159AAF1A7C6FD10030B9BF /* Supporting Files */,
			);
			path = RecipeBookTests;
			sourceTree = "<group>";
		};
		27159AAF1A7C6FD10030B9BF /* Supporting Files */ = {
			isa = PBXGroup;
			children = (
				27159AB01A7C6FD10030B9BF /* Info.plist */,
			);
			name = "Supporting Files";
			sourceTree = "<group>";
		};
/* End PBXGroup section */

/* Begin PBXNativeTarget section */
		27159A921A7C6FD10030B9BF /* RecipeBook */ = {
			isa = PBXNativeTarget;
			buildConfigurationList = 27159AB51A7C6FD10030B9BF /* Build configuration list for PBXNativeTarget "RecipeBook" */;
			buildPhases = (
				27159A8F1A7C6FD10030B9BF /* Sources */,
				27159A901A7C6FD10030B9BF /* Frameworks */,
				27159A911A7C6FD10030B9BF /* Resources */,
			);
			buildRules = (
			);
			dependencies = (
			);
			name = RecipeBook;
			productName = RecipeBook;
			productReference = 27159A931A7C6FD10030B9BF /* RecipeBook.app */;
			productType = "com.apple.product-type.application";
		};
		27159AAA1A7C6FD10030B9BF /* RecipeBookTests */ = {
			isa = PBXNativeTarget;
			buildConfigurationList = 27159AB81A7C6FD10030B9BF /* Build configuration list for PBXNativeTarget "RecipeBookTests" */;
			buildPhases = (
				27159AA71A7C6FD10030B9BF /* Sources */,
				27159AA81A7C6FD10030B9BF /* Frameworks */,
				27159AA91A7C6FD10030B9BF /* Resources */,
			);
			buildRules = (
			);
			dependencies = (
				27159AAD1A7C6FD10030B9BF /* PBXTargetDependency */,
			);
			name = RecipeBookTests;
			productName = RecipeBookTests;
			productReference = 27159AAB1A7C6FD10030B9BF /* RecipeBookTests.xctest */;
			productType = "com.apple.product-type.bundle.unit-test";
		};
/* End PBXNativeTarget section */

/* Begin PBXProject section */
		27159A8B1A7C6FD10030B9BF /* Project object */ = {
			isa = PBXProject;
			attributes = {
				LastUpgradeCheck = 0610;
				ORGANIZATIONNAME = "Clay McLeod";
				TargetAttributes = {
					27159A921A7C6FD10030B9BF = {
						CreatedOnToolsVersion = 6.1.1;
					};
					27159AAA1A7C6FD10030B9BF = {
						CreatedOnToolsVersion = 6.1.1;
						TestTargetID = 27159A921A7C6FD10030B9BF;
					};
				};
			};
			buildConfigurationList = 27159A8E1A7C6FD10030B9BF /* Build configuration list for PBXProject "RecipeBook" */;
			compatibilityVersion = "Xcode 3.2";
			developmentRegion = English;
			hasScannedForEncodings = 0;
			knownRegions = (
				en,
				Base,
			);
			mainGroup = 27159A8A1A7C6FD10030B9BF;
			productRefGroup = 27159A941A7C6FD10030B9BF /* Products */;
			projectDirPath = "";
			projectRoot = "";
			targets = (
				27159A921A7C6FD10030B9BF /* RecipeBook */,
				27159AAA1A7C6FD10030B9BF /* RecipeBookTests */,
			);
		};
/* End PBXProject section */

/* Begin PBXResourcesBuildPhase section */
		27159A911A7C6FD10030B9BF /* Resources */ = {
			isa = PBXResourcesBuildPhase;
			buildActionMask = 2147483647;
			files = (
				27159AA11A7C6FD10030B9BF /* Main.storyboard in Resources */,
				27159AA61A7C6FD10030B9BF /* LaunchScreen.xib in Resources */,
				27159AA31A7C6FD10030B9BF /* Images.xcassets in Resources */,
			);
			runOnlyForDeploymentPostprocessing = 0;
		};
		27159AA91A7C6FD10030B9BF /* Resources */ = {
			isa = PBXResourcesBuildPhase;
			buildActionMask = 2147483647;
			files = (
			);
			runOnlyForDeploymentPostprocessing = 0;
		};
/* End PBXResourcesBuildPhase section */

/* Begin PBXSourcesBuildPhase section */
		27159A8F1A7C6FD10030B9BF /* Sources */ = {
			isa = PBXSourcesBuildPhase;
			buildActionMask = 2147483647;
			files = (
				27159A9E1A7C6FD10030B9BF /* ViewController.swift in Sources */,
				27159A9C1A7C6FD10030B9BF /* RecipeBook.xcdatamodeld in Sources */,
				27159A991A7C6FD10030B9BF /* AppDelegate.swift in Sources */,
			);
			runOnlyForDeploymentPostprocessing = 0;
		};
		27159AA71A7C6FD10030B9BF /* Sources */ = {
			isa = PBXSourcesBuildPhase;
			buildActionMask = 2147483647;
			files = (
				27159AB21A7C6FD10030B9BF /* RecipeBookTests.swift in Sources */,
			);
			runOnlyForDeploymentPostprocessing = 0;
		};
/* End PBXSourcesBuildPhase section */

/* Begin PBXTargetDependency section */
		27159AAD1A7C6FD10030B9BF /* PBXTargetDependency */ = {
			isa = PBXTargetDependency;
			target = 27159A921A7C6FD10030B9BF /* RecipeBook */;
			targetProxy = 27159AAC1A7C6FD10030B9BF /* PBXContainerItemProxy */;
		};
/* End PBXTargetDependency section */

/* Begin PBXVariantGroup section */
		27159A9F1A7C6FD10030B9BF /* Main.storyboard */ = {
			isa = PBXVariantGroup;
			children = (
				27159AA01A7C6FD10030B9BF /* Base */,
			);
			name = Main.storyboard;
			sourceTree = "<group>";
		};
		27159AA41A7C6FD10030B9BF /* LaunchScreen.xib */ = {
			isa = PBXVariantGroup;
			children = (
				27159AA51A7C6FD10030B9BF /* Base */,
			);
			name = LaunchScreen.xib;
			sourceTree = "<group>";
		};
/* End PBXVariantGroup section */

/* Begin XCBuildConfiguration section */
		27159AB31A7C6FD10030B9BF /* Debug */ = {
			isa = XCBuildConfiguration;
			buildSettings = {
				ALWAYS_SEARCH_USER_PATHS = NO;
				CLANG_CXX_LANGUAGE_STANDARD = "gnu++0x";
				CLANG_CXX_LIBRARY = "libc++";
				CLANG_ENABLE_MODULES = YES;
				CLANG_ENABLE_OBJC_ARC = YES;
				CLANG_WARN_BOOL_CONVERSION = YES;
				CLANG_WARN_CONSTANT_CONVERSION = YES;
				CLANG_WARN_DIRECT_OBJC_ISA_USAGE = YES_ERROR;
				CLANG_WARN_EMPTY_BODY = YES;
				CLANG_WARN_ENUM_CONVERSION = YES;
				CLANG_WARN_INT_CONVERSION = YES;
				CLANG_WARN_OBJC_ROOT_CLASS = YES_ERROR;
				CLANG_WARN_UNREACHABLE_CODE = YES;
				CLANG_WARN__DUPLICATE_METHOD_MATCH = YES;
				"CODE_SIGN_IDENTITY[sdk=iphoneos*]" = "iPhone Developer";
				COPY_PHASE_STRIP = NO;
				ENABLE_STRICT_OBJC_MSGSEND = YES;
				GCC_C_LANGUAGE_STANDARD = gnu99;
				GCC_DYNAMIC_NO_PIC = NO;
				GCC_OPTIMIZATION_LEVEL = 0;
				GCC_PREPROCESSOR_DEFINITIONS = (
					"DEBUG=1",
					"$(inherited)",
				);
				GCC_SYMBOLS_PRIVATE_EXTERN = NO;
				GCC_WARN_64_TO_32_BIT_CONVERSION = YES;
				GCC_WARN_ABOUT_RETURN_TYPE = YES_ERROR;
				GCC_WARN_UNDECLARED_SELECTOR = YES;
				GCC_WARN_UNINITIALIZED_AUTOS = YES_AGGRESSIVE;
				GCC_WARN_UNUSED_FUNCTION = YES;
				GCC_WARN_UNUSED_VARIABLE = YES;
				IPHONEOS_DEPLOYMENT_TARGET = 8.1;
				MTL_ENABLE_DEBUG_INFO = YES;
				ONLY_ACTIVE_ARCH = YES;
				SDKROOT = iphoneos;
				SWIFT_OPTIMIZATION_LEVEL = "-Onone";
				TARGETED_DEVICE_FAMILY = "1,2";
			};
			name = Debug;
		};
		27159AB41A7C6FD10030B9BF /* Release */ = {
			isa = XCBuildConfiguration;
			buildSettings = {
				ALWAYS_SEARCH_USER_PATHS = NO;
				CLANG_CXX_LANGUAGE_STANDARD = "gnu++0x";
				CLANG_CXX_LIBRARY = "libc++";
				CLANG_ENABLE_MODULES = YES;
				CLANG_ENABLE_OBJC_ARC = YES;
				CLANG_WARN_BOOL_CONVERSION = YES;
				CLANG_WARN_CONSTANT_CONVERSION = YES;
				CLANG_WARN_DIRECT_OBJC_ISA_USAGE = YES_ERROR;
				CLANG_WARN_EMPTY_BODY = YES;
				CLANG_WARN_ENUM_CONVERSION = YES;
				CLANG_WARN_INT_CONVERSION = YES;
				CLANG_WARN_OBJC_ROOT_CLASS = YES_ERROR;
				CLANG_WARN_UNREACHABLE_CODE = YES;
				CLANG_WARN__DUPLICATE_METHOD_MATCH = YES;
				"CODE_SIGN_IDENTITY[sdk=iphoneos*]" = "iPhone Developer";
				COPY_PHASE_STRIP = YES;
				ENABLE_NS_ASSERTIONS = NO;
				ENABLE_STRICT_OBJC_MSGSEND = YES;
				GCC_C_LANGUAGE_STANDARD = gnu99;
				GCC_WARN_64_TO_32_BIT_CONVERSION = YES;
				GCC_WARN_ABOUT_RETURN_TYPE = YES_ERROR;
				GCC_WARN_UNDECLARED_SELECTOR = YES;
				GCC_WARN_UNINITIALIZED_AUTOS = YES_AGGRESSIVE;
				GCC_WARN_UNUSED_FUNCTION = YES;
				GCC_WARN_UNUSED_VARIABLE = YES;
				IPHONEOS_DEPLOYMENT_TARGET = 8.1;
				MTL_ENABLE_DEBUG_INFO = NO;
				SDKROOT = iphoneos;
				TARGETED_DEVICE_FAMILY = "1,2";
				VALIDATE_PRODUCT = YES;
			};
			name = Release;
		};
		27159AB61A7C6FD10030B9BF /* Debug */ = {
			isa = XCBuildConfiguration;
			buildSettings = {
				ASSETCATALOG_COMPILER_APPICON_NAME = AppIcon;
				INFOPLIST_FILE = RecipeBook/Info.plist;
				LD_RUNPATH_SEARCH_PATHS = "$(inherited) @executable_path/Frameworks";
				PRODUCT_NAME = "$(TARGET_NAME)";
			};
			name = Debug;
		};
		27159AB71A7C6FD10030B9BF /* Release */ = {
			isa = XCBuildConfiguration;
			buildSettings = {
				ASSETCATALOG_COMPILER_APPICON_NAME = AppIcon;
				INFOPLIST_FILE = RecipeBook/Info.plist;
				LD_RUNPATH_SEARCH_PATHS = "$(inherited) @executable_path/Frameworks";
				PRODUCT_NAME = "$(TARGET_NAME)";
			};
			name = Release;
		};
		27159AB91A7C6FD10030B9BF /* Debug */ = {
			isa = XCBuildConfiguration;
			buildSettings = {
				BUNDLE_LOADER = "$(TEST_HOST)";
				FRAMEWORK_SEARCH_PATHS = (
					"$(SDKROOT)/Developer/Library/Frameworks",
					"$(inherited)",
				);
				GCC_PREPROCESSOR_DEFINITIONS = (
					"DEBUG=1",
					"$(inherited)",
				);
				INFOPLIST_FILE = RecipeBookTests/Info.plist;
				LD_RUNPATH_SEARCH_PATHS = "$(inherited) @executable_path/Frameworks @loader_path/Frameworks";
				PRODUCT_NAME = "$(TARGET_NAME)";
				TEST_HOST = "$(BUILT_PRODUCTS_DIR)/RecipeBook.app/RecipeBook";
			};
			name = Debug;
		};
		27159ABA1A7C6FD10030B9BF /* Release */ = {
			isa = XCBuildConfiguration;
			buildSettings = {
				BUNDLE_LOADER = "$(TEST_HOST)";
				FRAMEWORK_SEARCH_PATHS = (
					"$(SDKROOT)/Developer/Library/Frameworks",
					"$(inherited)",
				);
				INFOPLIST_FILE = RecipeBookTests/Info.plist;
				LD_RUNPATH_SEARCH_PATHS = "$(inherited) @executable_path/Frameworks @loader_path/Frameworks";
				PRODUCT_NAME = "$(TARGET_NAME)";
				TEST_HOST = "$(BUILT_PRODUCTS_DIR)/RecipeBook.app/RecipeBook";
			};
			name = Release;
		};
/* End XCBuildConfiguration section */

/* Begin XCConfigurationList section */
		27159A8E1A7C6FD10030B9BF /* Build configuration list for PBXProject "RecipeBook" */ = {
			isa = XCConfigurationList;
			buildConfigurations = (
				27159AB31A7C6FD10030B9BF /* Debug */,
				27159AB41A7C6FD10030B9BF /* Release */,
			);
			defaultConfigurationIsVisible = 0;
			defaultConfigurationName = Release;
		};
		27159AB51A7C6FD10030B9BF /* Build configuration list for PBXNativeTarget "RecipeBook" */ = {
			isa = XCConfigurationList;
			buildConfigurations = (
				27159AB61A7C6FD10030B9BF /* Debug */,
				27159AB71A7C6FD10030B9BF /* Release */,
			);
			defaultConfigurationIsVisible = 0;
		};
		27159AB81A7C6FD10030B9BF /* Build configuration list for PBXNativeTarget "RecipeBookTests" */ = {
			isa = XCConfigurationList;
			buildConfigurations = (
				27159AB91A7C6FD10030B9BF /* Debug */,
				27159ABA1A7C6FD10030B9BF /* Release */,
			);
			defaultConfigurationIsVisible = 0;
		};
/* End XCConfigurationList section */

/* Begin XCVersionGroup section */
		27159A9A1A7C6FD10030B9BF /* RecipeBook.xcdatamodeld */ = {
			isa = XCVersionGroup;
			children = (
				27159A9B1A7C6FD10030B9BF /* RecipeBook.xcdatamodel */,
			);
			currentVersion = 27159A9B1A7C6FD10030B9BF /* RecipeBook.xcdatamodel */;
			path = RecipeBook.xcdatamodeld;
			sourceTree = "<group>";
			versionGroupType = wrapper.xcdatamodel;
		};
/* End XCVersionGroup section */
	};
	rootObject = 27159A8B1A7C6FD10030B9BF /* Project object */;
}
