// !$*UTF8*$!
{
	archiveVersion = 1;
	classes = {
	};
	objectVersion = 46;
	objects = {

/* Begin PBXBuildFile section */
		2792A3B11A79AD74006F91DD /* AppDelegate.swift in Sources */ = {isa = PBXBuildFile; fileRef = 2792A3B01A79AD74006F91DD /* AppDelegate.swift */; };
		2792A3B41A79AD74006F91DD /* RecipeBook.xcdatamodeld in Sources */ = {isa = PBXBuildFile; fileRef = 2792A3B21A79AD74006F91DD /* RecipeBook.xcdatamodeld */; };
		2792A3B61A79AD74006F91DD /* MyTableViewController.swift in Sources */ = {isa = PBXBuildFile; fileRef = 2792A3B51A79AD74006F91DD /* MyTableViewController.swift */; };
		2792A3B91A79AD74006F91DD /* Main.storyboard in Resources */ = {isa = PBXBuildFile; fileRef = 2792A3B71A79AD74006F91DD /* Main.storyboard */; };
		2792A3BB1A79AD74006F91DD /* Images.xcassets in Resources */ = {isa = PBXBuildFile; fileRef = 2792A3BA1A79AD74006F91DD /* Images.xcassets */; };
		2792A3BE1A79AD74006F91DD /* LaunchScreen.xib in Resources */ = {isa = PBXBuildFile; fileRef = 2792A3BC1A79AD74006F91DD /* LaunchScreen.xib */; };
		2792A3CA1A79AD74006F91DD /* RecipeBookTests.swift in Sources */ = {isa = PBXBuildFile; fileRef = 2792A3C91A79AD74006F91DD /* RecipeBookTests.swift */; };
/* End PBXBuildFile section */

/* Begin PBXContainerItemProxy section */
		2792A3C41A79AD74006F91DD /* PBXContainerItemProxy */ = {
			isa = PBXContainerItemProxy;
			containerPortal = 2792A3A31A79AD74006F91DD /* Project object */;
			proxyType = 1;
			remoteGlobalIDString = 2792A3AA1A79AD74006F91DD;
			remoteInfo = RecipeBook;
		};
/* End PBXContainerItemProxy section */

/* Begin PBXFileReference section */
		2792A3AB1A79AD74006F91DD /* RecipeBook.app */ = {isa = PBXFileReference; explicitFileType = wrapper.application; includeInIndex = 0; path = RecipeBook.app; sourceTree = BUILT_PRODUCTS_DIR; };
		2792A3AF1A79AD74006F91DD /* Info.plist */ = {isa = PBXFileReference; lastKnownFileType = text.plist.xml; path = Info.plist; sourceTree = "<group>"; };
		2792A3B01A79AD74006F91DD /* AppDelegate.swift */ = {isa = PBXFileReference; lastKnownFileType = sourcecode.swift; path = AppDelegate.swift; sourceTree = "<group>"; };
		2792A3B31A79AD74006F91DD /* RecipeBook.xcdatamodel */ = {isa = PBXFileReference; lastKnownFileType = wrapper.xcdatamodel; path = RecipeBook.xcdatamodel; sourceTree = "<group>"; };
		2792A3B51A79AD74006F91DD /* MyTableViewController.swift */ = {isa = PBXFileReference; lastKnownFileType = sourcecode.swift; path = MyTableViewController.swift; sourceTree = "<group>"; };
		2792A3B81A79AD74006F91DD /* Base */ = {isa = PBXFileReference; lastKnownFileType = file.storyboard; name = Base; path = Base.lproj/Main.storyboard; sourceTree = "<group>"; };
		2792A3BA1A79AD74006F91DD /* Images.xcassets */ = {isa = PBXFileReference; lastKnownFileType = folder.assetcatalog; path = Images.xcassets; sourceTree = "<group>"; };
		2792A3BD1A79AD74006F91DD /* Base */ = {isa = PBXFileReference; lastKnownFileType = file.xib; name = Base; path = Base.lproj/LaunchScreen.xib; sourceTree = "<group>"; };
		2792A3C31A79AD74006F91DD /* RecipeBookTests.xctest */ = {isa = PBXFileReference; explicitFileType = wrapper.cfbundle; includeInIndex = 0; path = RecipeBookTests.xctest; sourceTree = BUILT_PRODUCTS_DIR; };
		2792A3C81A79AD74006F91DD /* Info.plist */ = {isa = PBXFileReference; lastKnownFileType = text.plist.xml; path = Info.plist; sourceTree = "<group>"; };
		2792A3C91A79AD74006F91DD /* RecipeBookTests.swift */ = {isa = PBXFileReference; lastKnownFileType = sourcecode.swift; path = RecipeBookTests.swift; sourceTree = "<group>"; };
/* End PBXFileReference section */

/* Begin PBXFrameworksBuildPhase section */
		2792A3A81A79AD74006F91DD /* Frameworks */ = {
			isa = PBXFrameworksBuildPhase;
			buildActionMask = 2147483647;
			files = (
			);
			runOnlyForDeploymentPostprocessing = 0;
		};
		2792A3C01A79AD74006F91DD /* Frameworks */ = {
			isa = PBXFrameworksBuildPhase;
			buildActionMask = 2147483647;
			files = (
			);
			runOnlyForDeploymentPostprocessing = 0;
		};
/* End PBXFrameworksBuildPhase section */

/* Begin PBXGroup section */
		2792A3A21A79AD74006F91DD = {
			isa = PBXGroup;
			children = (
				2792A3AD1A79AD74006F91DD /* RecipeBook */,
				2792A3C61A79AD74006F91DD /* RecipeBookTests */,
				2792A3AC1A79AD74006F91DD /* Products */,
			);
			sourceTree = "<group>";
		};
		2792A3AC1A79AD74006F91DD /* Products */ = {
			isa = PBXGroup;
			children = (
				2792A3AB1A79AD74006F91DD /* RecipeBook.app */,
				2792A3C31A79AD74006F91DD /* RecipeBookTests.xctest */,
			);
			name = Products;
			sourceTree = "<group>";
		};
		2792A3AD1A79AD74006F91DD /* RecipeBook */ = {
			isa = PBXGroup;
			children = (
				2792A3B01A79AD74006F91DD /* AppDelegate.swift */,
				2792A3B51A79AD74006F91DD /* MyTableViewController.swift */,
				2792A3B71A79AD74006F91DD /* Main.storyboard */,
				2792A3BA1A79AD74006F91DD /* Images.xcassets */,
				2792A3BC1A79AD74006F91DD /* LaunchScreen.xib */,
				2792A3B21A79AD74006F91DD /* RecipeBook.xcdatamodeld */,
				2792A3AE1A79AD74006F91DD /* Supporting Files */,
			);
			path = RecipeBook;
			sourceTree = "<group>";
		};
		2792A3AE1A79AD74006F91DD /* Supporting Files */ = {
			isa = PBXGroup;
			children = (
				2792A3AF1A79AD74006F91DD /* Info.plist */,
			);
			name = "Supporting Files";
			sourceTree = "<group>";
		};
		2792A3C61A79AD74006F91DD /* RecipeBookTests */ = {
			isa = PBXGroup;
			children = (
				2792A3C91A79AD74006F91DD /* RecipeBookTests.swift */,
				2792A3C71A79AD74006F91DD /* Supporting Files */,
			);
			path = RecipeBookTests;
			sourceTree = "<group>";
		};
		2792A3C71A79AD74006F91DD /* Supporting Files */ = {
			isa = PBXGroup;
			children = (
				2792A3C81A79AD74006F91DD /* Info.plist */,
			);
			name = "Supporting Files";
			sourceTree = "<group>";
		};
/* End PBXGroup section */

/* Begin PBXNativeTarget section */
		2792A3AA1A79AD74006F91DD /* RecipeBook */ = {
			isa = PBXNativeTarget;
			buildConfigurationList = 2792A3CD1A79AD74006F91DD /* Build configuration list for PBXNativeTarget "RecipeBook" */;
			buildPhases = (
				2792A3A71A79AD74006F91DD /* Sources */,
				2792A3A81A79AD74006F91DD /* Frameworks */,
				2792A3A91A79AD74006F91DD /* Resources */,
			);
			buildRules = (
			);
			dependencies = (
			);
			name = RecipeBook;
			productName = RecipeBook;
			productReference = 2792A3AB1A79AD74006F91DD /* RecipeBook.app */;
			productType = "com.apple.product-type.application";
		};
		2792A3C21A79AD74006F91DD /* RecipeBookTests */ = {
			isa = PBXNativeTarget;
			buildConfigurationList = 2792A3D01A79AD74006F91DD /* Build configuration list for PBXNativeTarget "RecipeBookTests" */;
			buildPhases = (
				2792A3BF1A79AD74006F91DD /* Sources */,
				2792A3C01A79AD74006F91DD /* Frameworks */,
				2792A3C11A79AD74006F91DD /* Resources */,
			);
			buildRules = (
			);
			dependencies = (
				2792A3C51A79AD74006F91DD /* PBXTargetDependency */,
			);
			name = RecipeBookTests;
			productName = RecipeBookTests;
			productReference = 2792A3C31A79AD74006F91DD /* RecipeBookTests.xctest */;
			productType = "com.apple.product-type.bundle.unit-test";
		};
/* End PBXNativeTarget section */

/* Begin PBXProject section */
		2792A3A31A79AD74006F91DD /* Project object */ = {
			isa = PBXProject;
			attributes = {
				LastUpgradeCheck = 0610;
				ORGANIZATIONNAME = "Clay McLeod";
				TargetAttributes = {
					2792A3AA1A79AD74006F91DD = {
						CreatedOnToolsVersion = 6.1.1;
						DevelopmentTeam = 5D6GPSXB8S;
					};
					2792A3C21A79AD74006F91DD = {
						CreatedOnToolsVersion = 6.1.1;
						TestTargetID = 2792A3AA1A79AD74006F91DD;
					};
				};
			};
			buildConfigurationList = 2792A3A61A79AD74006F91DD /* Build configuration list for PBXProject "RecipeBook" */;
			compatibilityVersion = "Xcode 3.2";
			developmentRegion = English;
			hasScannedForEncodings = 0;
			knownRegions = (
				en,
				Base,
			);
			mainGroup = 2792A3A21A79AD74006F91DD;
			productRefGroup = 2792A3AC1A79AD74006F91DD /* Products */;
			projectDirPath = "";
			projectRoot = "";
			targets = (
				2792A3AA1A79AD74006F91DD /* RecipeBook */,
				2792A3C21A79AD74006F91DD /* RecipeBookTests */,
			);
		};
/* End PBXProject section */

/* Begin PBXResourcesBuildPhase section */
		2792A3A91A79AD74006F91DD /* Resources */ = {
			isa = PBXResourcesBuildPhase;
			buildActionMask = 2147483647;
			files = (
				2792A3B91A79AD74006F91DD /* Main.storyboard in Resources */,
				2792A3BE1A79AD74006F91DD /* LaunchScreen.xib in Resources */,
				2792A3BB1A79AD74006F91DD /* Images.xcassets in Resources */,
			);
			runOnlyForDeploymentPostprocessing = 0;
		};
		2792A3C11A79AD74006F91DD /* Resources */ = {
			isa = PBXResourcesBuildPhase;
			buildActionMask = 2147483647;
			files = (
			);
			runOnlyForDeploymentPostprocessing = 0;
		};
/* End PBXResourcesBuildPhase section */

/* Begin PBXSourcesBuildPhase section */
		2792A3A71A79AD74006F91DD /* Sources */ = {
			isa = PBXSourcesBuildPhase;
			buildActionMask = 2147483647;
			files = (
				2792A3B61A79AD74006F91DD /* MyTableViewController.swift in Sources */,
				2792A3B41A79AD74006F91DD /* RecipeBook.xcdatamodeld in Sources */,
				2792A3B11A79AD74006F91DD /* AppDelegate.swift in Sources */,
			);
			runOnlyForDeploymentPostprocessing = 0;
		};
		2792A3BF1A79AD74006F91DD /* Sources */ = {
			isa = PBXSourcesBuildPhase;
			buildActionMask = 2147483647;
			files = (
				2792A3CA1A79AD74006F91DD /* RecipeBookTests.swift in Sources */,
			);
			runOnlyForDeploymentPostprocessing = 0;
		};
/* End PBXSourcesBuildPhase section */

/* Begin PBXTargetDependency section */
		2792A3C51A79AD74006F91DD /* PBXTargetDependency */ = {
			isa = PBXTargetDependency;
			target = 2792A3AA1A79AD74006F91DD /* RecipeBook */;
			targetProxy = 2792A3C41A79AD74006F91DD /* PBXContainerItemProxy */;
		};
/* End PBXTargetDependency section */

/* Begin PBXVariantGroup section */
		2792A3B71A79AD74006F91DD /* Main.storyboard */ = {
			isa = PBXVariantGroup;
			children = (
				2792A3B81A79AD74006F91DD /* Base */,
			);
			name = Main.storyboard;
			sourceTree = "<group>";
		};
		2792A3BC1A79AD74006F91DD /* LaunchScreen.xib */ = {
			isa = PBXVariantGroup;
			children = (
				2792A3BD1A79AD74006F91DD /* Base */,
			);
			name = LaunchScreen.xib;
			sourceTree = "<group>";
		};
/* End PBXVariantGroup section */

/* Begin XCBuildConfiguration section */
		2792A3CB1A79AD74006F91DD /* Debug */ = {
			isa = XCBuildConfiguration;
			buildSettings = {
				ALWAYS_SEARCH_USER_PATHS = NO;
				CLANG_CXX_LANGUAGE_STANDARD = "gnu++0x";
				CLANG_CXX_LIBRARY = "libc++";
				CLANG_ENABLE_MODULES = YES;
				CLANG_ENABLE_OBJC_ARC = YES;
				CLANG_WARN_BOOL_CONVERSION = YES;
				CLANG_WARN_CONSTANT_CONVERSION = YES;
				CLANG_WARN_DIRECT_OBJC_ISA_USAGE = YES_ERROR;
				CLANG_WARN_EMPTY_BODY = YES;
				CLANG_WARN_ENUM_CONVERSION = YES;
				CLANG_WARN_INT_CONVERSION = YES;
				CLANG_WARN_OBJC_ROOT_CLASS = YES_ERROR;
				CLANG_WARN_UNREACHABLE_CODE = YES;
				CLANG_WARN__DUPLICATE_METHOD_MATCH = YES;
				"CODE_SIGN_IDENTITY[sdk=iphoneos*]" = "iPhone Developer";
				COPY_PHASE_STRIP = NO;
				ENABLE_STRICT_OBJC_MSGSEND = YES;
				GCC_C_LANGUAGE_STANDARD = gnu99;
				GCC_DYNAMIC_NO_PIC = NO;
				GCC_OPTIMIZATION_LEVEL = 0;
				GCC_PREPROCESSOR_DEFINITIONS = (
					"DEBUG=1",
					"$(inherited)",
				);
				GCC_SYMBOLS_PRIVATE_EXTERN = NO;
				GCC_WARN_64_TO_32_BIT_CONVERSION = YES;
				GCC_WARN_ABOUT_RETURN_TYPE = YES_ERROR;
				GCC_WARN_UNDECLARED_SELECTOR = YES;
				GCC_WARN_UNINITIALIZED_AUTOS = YES_AGGRESSIVE;
				GCC_WARN_UNUSED_FUNCTION = YES;
				GCC_WARN_UNUSED_VARIABLE = YES;
				IPHONEOS_DEPLOYMENT_TARGET = 8.1;
				MTL_ENABLE_DEBUG_INFO = YES;
				ONLY_ACTIVE_ARCH = YES;
				SDKROOT = iphoneos;
				SWIFT_OPTIMIZATION_LEVEL = "-Onone";
				TARGETED_DEVICE_FAMILY = "1,2";
			};
			name = Debug;
		};
		2792A3CC1A79AD74006F91DD /* Release */ = {
			isa = XCBuildConfiguration;
			buildSettings = {
				ALWAYS_SEARCH_USER_PATHS = NO;
				CLANG_CXX_LANGUAGE_STANDARD = "gnu++0x";
				CLANG_CXX_LIBRARY = "libc++";
				CLANG_ENABLE_MODULES = YES;
				CLANG_ENABLE_OBJC_ARC = YES;
				CLANG_WARN_BOOL_CONVERSION = YES;
				CLANG_WARN_CONSTANT_CONVERSION = YES;
				CLANG_WARN_DIRECT_OBJC_ISA_USAGE = YES_ERROR;
				CLANG_WARN_EMPTY_BODY = YES;
				CLANG_WARN_ENUM_CONVERSION = YES;
				CLANG_WARN_INT_CONVERSION = YES;
				CLANG_WARN_OBJC_ROOT_CLASS = YES_ERROR;
				CLANG_WARN_UNREACHABLE_CODE = YES;
				CLANG_WARN__DUPLICATE_METHOD_MATCH = YES;
				"CODE_SIGN_IDENTITY[sdk=iphoneos*]" = "iPhone Developer";
				COPY_PHASE_STRIP = YES;
				ENABLE_NS_ASSERTIONS = NO;
				ENABLE_STRICT_OBJC_MSGSEND = YES;
				GCC_C_LANGUAGE_STANDARD = gnu99;
				GCC_WARN_64_TO_32_BIT_CONVERSION = YES;
				GCC_WARN_ABOUT_RETURN_TYPE = YES_ERROR;
				GCC_WARN_UNDECLARED_SELECTOR = YES;
				GCC_WARN_UNINITIALIZED_AUTOS = YES_AGGRESSIVE;
				GCC_WARN_UNUSED_FUNCTION = YES;
				GCC_WARN_UNUSED_VARIABLE = YES;
				IPHONEOS_DEPLOYMENT_TARGET = 8.1;
				MTL_ENABLE_DEBUG_INFO = NO;
				SDKROOT = iphoneos;
				TARGETED_DEVICE_FAMILY = "1,2";
				VALIDATE_PRODUCT = YES;
			};
			name = Release;
		};
		2792A3CE1A79AD74006F91DD /* Debug */ = {
			isa = XCBuildConfiguration;
			buildSettings = {
				ASSETCATALOG_COMPILER_APPICON_NAME = AppIcon;
				CODE_SIGN_IDENTITY = "iPhone Developer";
				INFOPLIST_FILE = RecipeBook/Info.plist;
				LD_RUNPATH_SEARCH_PATHS = "$(inherited) @executable_path/Frameworks";
				PRODUCT_NAME = "$(TARGET_NAME)";
			};
			name = Debug;
		};
		2792A3CF1A79AD74006F91DD /* Release */ = {
			isa = XCBuildConfiguration;
			buildSettings = {
				ASSETCATALOG_COMPILER_APPICON_NAME = AppIcon;
				CODE_SIGN_IDENTITY = "iPhone Developer";
				INFOPLIST_FILE = RecipeBook/Info.plist;
				LD_RUNPATH_SEARCH_PATHS = "$(inherited) @executable_path/Frameworks";
				PRODUCT_NAME = "$(TARGET_NAME)";
			};
			name = Release;
		};
		2792A3D11A79AD74006F91DD /* Debug */ = {
			isa = XCBuildConfiguration;
			buildSettings = {
				BUNDLE_LOADER = "$(TEST_HOST)";
				FRAMEWORK_SEARCH_PATHS = (
					"$(SDKROOT)/Developer/Library/Frameworks",
					"$(inherited)",
				);
				GCC_PREPROCESSOR_DEFINITIONS = (
					"DEBUG=1",
					"$(inherited)",
				);
				INFOPLIST_FILE = RecipeBookTests/Info.plist;
				LD_RUNPATH_SEARCH_PATHS = "$(inherited) @executable_path/Frameworks @loader_path/Frameworks";
				PRODUCT_NAME = "$(TARGET_NAME)";
				TEST_HOST = "$(BUILT_PRODUCTS_DIR)/RecipeBook.app/RecipeBook";
			};
			name = Debug;
		};
		2792A3D21A79AD74006F91DD /* Release */ = {
			isa = XCBuildConfiguration;
			buildSettings = {
				BUNDLE_LOADER = "$(TEST_HOST)";
				FRAMEWORK_SEARCH_PATHS = (
					"$(SDKROOT)/Developer/Library/Frameworks",
					"$(inherited)",
				);
				INFOPLIST_FILE = RecipeBookTests/Info.plist;
				LD_RUNPATH_SEARCH_PATHS = "$(inherited) @executable_path/Frameworks @loader_path/Frameworks";
				PRODUCT_NAME = "$(TARGET_NAME)";
				TEST_HOST = "$(BUILT_PRODUCTS_DIR)/RecipeBook.app/RecipeBook";
			};
			name = Release;
		};
/* End XCBuildConfiguration section */

/* Begin XCConfigurationList section */
		2792A3A61A79AD74006F91DD /* Build configuration list for PBXProject "RecipeBook" */ = {
			isa = XCConfigurationList;
			buildConfigurations = (
				2792A3CB1A79AD74006F91DD /* Debug */,
				2792A3CC1A79AD74006F91DD /* Release */,
			);
			defaultConfigurationIsVisible = 0;
			defaultConfigurationName = Release;
		};
		2792A3CD1A79AD74006F91DD /* Build configuration list for PBXNativeTarget "RecipeBook" */ = {
			isa = XCConfigurationList;
			buildConfigurations = (
				2792A3CE1A79AD74006F91DD /* Debug */,
				2792A3CF1A79AD74006F91DD /* Release */,
			);
			defaultConfigurationIsVisible = 0;
		};
		2792A3D01A79AD74006F91DD /* Build configuration list for PBXNativeTarget "RecipeBookTests" */ = {
			isa = XCConfigurationList;
			buildConfigurations = (
				2792A3D11A79AD74006F91DD /* Debug */,
				2792A3D21A79AD74006F91DD /* Release */,
			);
			defaultConfigurationIsVisible = 0;
		};
/* End XCConfigurationList section */

/* Begin XCVersionGroup section */
		2792A3B21A79AD74006F91DD /* RecipeBook.xcdatamodeld */ = {
			isa = XCVersionGroup;
			children = (
				2792A3B31A79AD74006F91DD /* RecipeBook.xcdatamodel */,
			);
			currentVersion = 2792A3B31A79AD74006F91DD /* RecipeBook.xcdatamodel */;
			path = RecipeBook.xcdatamodeld;
			sourceTree = "<group>";
			versionGroupType = wrapper.xcdatamodel;
		};
/* End XCVersionGroup section */
	};
	rootObject = 2792A3A31A79AD74006F91DD /* Project object */;
}
