// !$*UTF8*$!
{
	archiveVersion = 1;
	classes = {
	};
	objectVersion = 46;
	objects = {

/* Begin PBXBuildFile section */
		2714F9431A89409C00D52362 /* AppDelegate.swift in Sources */ = {isa = PBXBuildFile; fileRef = 2714F9421A89409C00D52362 /* AppDelegate.swift */; };
		2714F9461A89409C00D52362 /* MultipleAudioStreams.xcdatamodeld in Sources */ = {isa = PBXBuildFile; fileRef = 2714F9441A89409C00D52362 /* MultipleAudioStreams.xcdatamodeld */; };
		2714F9481A89409C00D52362 /* ViewController.swift in Sources */ = {isa = PBXBuildFile; fileRef = 2714F9471A89409C00D52362 /* ViewController.swift */; };
		2714F94B1A89409C00D52362 /* Main.storyboard in Resources */ = {isa = PBXBuildFile; fileRef = 2714F9491A89409C00D52362 /* Main.storyboard */; };
		2714F94D1A89409C00D52362 /* Images.xcassets in Resources */ = {isa = PBXBuildFile; fileRef = 2714F94C1A89409C00D52362 /* Images.xcassets */; };
		2714F9501A89409C00D52362 /* LaunchScreen.xib in Resources */ = {isa = PBXBuildFile; fileRef = 2714F94E1A89409C00D52362 /* LaunchScreen.xib */; };
		2714F95C1A89409C00D52362 /* MultipleAudioStreamsTests.swift in Sources */ = {isa = PBXBuildFile; fileRef = 2714F95B1A89409C00D52362 /* MultipleAudioStreamsTests.swift */; };
		2714F9681A8941CD00D52362 /* AVFoundation.framework in Frameworks */ = {isa = PBXBuildFile; fileRef = 2714F9671A8941CD00D52362 /* AVFoundation.framework */; };
		271614F41A8962B000BE55BF /* begin_record.mp3 in Resources */ = {isa = PBXBuildFile; fileRef = 271614F31A8962B000BE55BF /* begin_record.mp3 */; };
/* End PBXBuildFile section */

/* Begin PBXContainerItemProxy section */
		2714F9561A89409C00D52362 /* PBXContainerItemProxy */ = {
			isa = PBXContainerItemProxy;
			containerPortal = 2714F9351A89409C00D52362 /* Project object */;
			proxyType = 1;
			remoteGlobalIDString = 2714F93C1A89409C00D52362;
			remoteInfo = MultipleAudioStreams;
		};
/* End PBXContainerItemProxy section */

/* Begin PBXFileReference section */
		2714F93D1A89409C00D52362 /* MultipleAudioStreams.app */ = {isa = PBXFileReference; explicitFileType = wrapper.application; includeInIndex = 0; path = MultipleAudioStreams.app; sourceTree = BUILT_PRODUCTS_DIR; };
		2714F9411A89409C00D52362 /* Info.plist */ = {isa = PBXFileReference; lastKnownFileType = text.plist.xml; path = Info.plist; sourceTree = "<group>"; };
		2714F9421A89409C00D52362 /* AppDelegate.swift */ = {isa = PBXFileReference; lastKnownFileType = sourcecode.swift; path = AppDelegate.swift; sourceTree = "<group>"; };
		2714F9451A89409C00D52362 /* MultipleAudioStreams.xcdatamodel */ = {isa = PBXFileReference; lastKnownFileType = wrapper.xcdatamodel; path = MultipleAudioStreams.xcdatamodel; sourceTree = "<group>"; };
		2714F9471A89409C00D52362 /* ViewController.swift */ = {isa = PBXFileReference; lastKnownFileType = sourcecode.swift; path = ViewController.swift; sourceTree = "<group>"; };
		2714F94A1A89409C00D52362 /* Base */ = {isa = PBXFileReference; lastKnownFileType = file.storyboard; name = Base; path = Base.lproj/Main.storyboard; sourceTree = "<group>"; };
		2714F94C1A89409C00D52362 /* Images.xcassets */ = {isa = PBXFileReference; lastKnownFileType = folder.assetcatalog; path = Images.xcassets; sourceTree = "<group>"; };
		2714F94F1A89409C00D52362 /* Base */ = {isa = PBXFileReference; lastKnownFileType = file.xib; name = Base; path = Base.lproj/LaunchScreen.xib; sourceTree = "<group>"; };
		2714F9551A89409C00D52362 /* MultipleAudioStreamsTests.xctest */ = {isa = PBXFileReference; explicitFileType = wrapper.cfbundle; includeInIndex = 0; path = MultipleAudioStreamsTests.xctest; sourceTree = BUILT_PRODUCTS_DIR; };
		2714F95A1A89409C00D52362 /* Info.plist */ = {isa = PBXFileReference; lastKnownFileType = text.plist.xml; path = Info.plist; sourceTree = "<group>"; };
		2714F95B1A89409C00D52362 /* MultipleAudioStreamsTests.swift */ = {isa = PBXFileReference; lastKnownFileType = sourcecode.swift; path = MultipleAudioStreamsTests.swift; sourceTree = "<group>"; };
		2714F9671A8941CD00D52362 /* AVFoundation.framework */ = {isa = PBXFileReference; lastKnownFileType = wrapper.framework; name = AVFoundation.framework; path = System/Library/Frameworks/AVFoundation.framework; sourceTree = SDKROOT; };
		271614F31A8962B000BE55BF /* begin_record.mp3 */ = {isa = PBXFileReference; lastKnownFileType = audio.mp3; path = begin_record.mp3; sourceTree = "<group>"; };
		27DA47171A8BD3B5006AA8A6 /* MultipleAudioStreams.entitlements */ = {isa = PBXFileReference; lastKnownFileType = text.xml; path = MultipleAudioStreams.entitlements; sourceTree = "<group>"; };
/* End PBXFileReference section */

/* Begin PBXFrameworksBuildPhase section */
		2714F93A1A89409C00D52362 /* Frameworks */ = {
			isa = PBXFrameworksBuildPhase;
			buildActionMask = 2147483647;
			files = (
				2714F9681A8941CD00D52362 /* AVFoundation.framework in Frameworks */,
			);
			runOnlyForDeploymentPostprocessing = 0;
		};
		2714F9521A89409C00D52362 /* Frameworks */ = {
			isa = PBXFrameworksBuildPhase;
			buildActionMask = 2147483647;
			files = (
			);
			runOnlyForDeploymentPostprocessing = 0;
		};
/* End PBXFrameworksBuildPhase section */

/* Begin PBXGroup section */
		2714F9341A89409C00D52362 = {
			isa = PBXGroup;
			children = (
				2714F9671A8941CD00D52362 /* AVFoundation.framework */,
				2714F93F1A89409C00D52362 /* MultipleAudioStreams */,
				2714F9581A89409C00D52362 /* MultipleAudioStreamsTests */,
				2714F93E1A89409C00D52362 /* Products */,
			);
			sourceTree = "<group>";
		};
		2714F93E1A89409C00D52362 /* Products */ = {
			isa = PBXGroup;
			children = (
				2714F93D1A89409C00D52362 /* MultipleAudioStreams.app */,
				2714F9551A89409C00D52362 /* MultipleAudioStreamsTests.xctest */,
			);
			name = Products;
			sourceTree = "<group>";
		};
		2714F93F1A89409C00D52362 /* MultipleAudioStreams */ = {
			isa = PBXGroup;
			children = (
				27DA47171A8BD3B5006AA8A6 /* MultipleAudioStreams.entitlements */,
				2714F9421A89409C00D52362 /* AppDelegate.swift */,
				2714F9471A89409C00D52362 /* ViewController.swift */,
				2714F9491A89409C00D52362 /* Main.storyboard */,
				2714F94C1A89409C00D52362 /* Images.xcassets */,
				2714F94E1A89409C00D52362 /* LaunchScreen.xib */,
				2714F9441A89409C00D52362 /* MultipleAudioStreams.xcdatamodeld */,
				271614F31A8962B000BE55BF /* begin_record.mp3 */,
				2714F9401A89409C00D52362 /* Supporting Files */,
			);
			path = MultipleAudioStreams;
			sourceTree = "<group>";
		};
		2714F9401A89409C00D52362 /* Supporting Files */ = {
			isa = PBXGroup;
			children = (
				2714F9411A89409C00D52362 /* Info.plist */,
			);
			name = "Supporting Files";
			sourceTree = "<group>";
		};
		2714F9581A89409C00D52362 /* MultipleAudioStreamsTests */ = {
			isa = PBXGroup;
			children = (
				2714F95B1A89409C00D52362 /* MultipleAudioStreamsTests.swift */,
				2714F9591A89409C00D52362 /* Supporting Files */,
			);
			path = MultipleAudioStreamsTests;
			sourceTree = "<group>";
		};
		2714F9591A89409C00D52362 /* Supporting Files */ = {
			isa = PBXGroup;
			children = (
				2714F95A1A89409C00D52362 /* Info.plist */,
			);
			name = "Supporting Files";
			sourceTree = "<group>";
		};
/* End PBXGroup section */

/* Begin PBXNativeTarget section */
		2714F93C1A89409C00D52362 /* MultipleAudioStreams */ = {
			isa = PBXNativeTarget;
			buildConfigurationList = 2714F95F1A89409C00D52362 /* Build configuration list for PBXNativeTarget "MultipleAudioStreams" */;
			buildPhases = (
				2714F9391A89409C00D52362 /* Sources */,
				2714F93A1A89409C00D52362 /* Frameworks */,
				2714F93B1A89409C00D52362 /* Resources */,
			);
			buildRules = (
			);
			dependencies = (
			);
			name = MultipleAudioStreams;
			productName = MultipleAudioStreams;
			productReference = 2714F93D1A89409C00D52362 /* MultipleAudioStreams.app */;
			productType = "com.apple.product-type.application";
		};
		2714F9541A89409C00D52362 /* MultipleAudioStreamsTests */ = {
			isa = PBXNativeTarget;
			buildConfigurationList = 2714F9621A89409C00D52362 /* Build configuration list for PBXNativeTarget "MultipleAudioStreamsTests" */;
			buildPhases = (
				2714F9511A89409C00D52362 /* Sources */,
				2714F9521A89409C00D52362 /* Frameworks */,
				2714F9531A89409C00D52362 /* Resources */,
			);
			buildRules = (
			);
			dependencies = (
				2714F9571A89409C00D52362 /* PBXTargetDependency */,
			);
			name = MultipleAudioStreamsTests;
			productName = MultipleAudioStreamsTests;
			productReference = 2714F9551A89409C00D52362 /* MultipleAudioStreamsTests.xctest */;
			productType = "com.apple.product-type.bundle.unit-test";
		};
/* End PBXNativeTarget section */

/* Begin PBXProject section */
		2714F9351A89409C00D52362 /* Project object */ = {
			isa = PBXProject;
			attributes = {
				LastUpgradeCheck = 0610;
				ORGANIZATIONNAME = "Clay McLeod";
				TargetAttributes = {
					2714F93C1A89409C00D52362 = {
						CreatedOnToolsVersion = 6.1.1;
						DevelopmentTeam = 93E9348SUE;
						SystemCapabilities = {
							com.apple.iCloud = {
								enabled = 0;
							};
						};
					};
					2714F9541A89409C00D52362 = {
						CreatedOnToolsVersion = 6.1.1;
						TestTargetID = 2714F93C1A89409C00D52362;
					};
				};
			};
			buildConfigurationList = 2714F9381A89409C00D52362 /* Build configuration list for PBXProject "MultipleAudioStreams" */;
			compatibilityVersion = "Xcode 3.2";
			developmentRegion = English;
			hasScannedForEncodings = 0;
			knownRegions = (
				en,
				Base,
			);
			mainGroup = 2714F9341A89409C00D52362;
			productRefGroup = 2714F93E1A89409C00D52362 /* Products */;
			projectDirPath = "";
			projectRoot = "";
			targets = (
				2714F93C1A89409C00D52362 /* MultipleAudioStreams */,
				2714F9541A89409C00D52362 /* MultipleAudioStreamsTests */,
			);
		};
/* End PBXProject section */

/* Begin PBXResourcesBuildPhase section */
		2714F93B1A89409C00D52362 /* Resources */ = {
			isa = PBXResourcesBuildPhase;
			buildActionMask = 2147483647;
			files = (
				2714F94B1A89409C00D52362 /* Main.storyboard in Resources */,
				271614F41A8962B000BE55BF /* begin_record.mp3 in Resources */,
				2714F9501A89409C00D52362 /* LaunchScreen.xib in Resources */,
				2714F94D1A89409C00D52362 /* Images.xcassets in Resources */,
			);
			runOnlyForDeploymentPostprocessing = 0;
		};
		2714F9531A89409C00D52362 /* Resources */ = {
			isa = PBXResourcesBuildPhase;
			buildActionMask = 2147483647;
			files = (
			);
			runOnlyForDeploymentPostprocessing = 0;
		};
/* End PBXResourcesBuildPhase section */

/* Begin PBXSourcesBuildPhase section */
		2714F9391A89409C00D52362 /* Sources */ = {
			isa = PBXSourcesBuildPhase;
			buildActionMask = 2147483647;
			files = (
				2714F9481A89409C00D52362 /* ViewController.swift in Sources */,
				2714F9461A89409C00D52362 /* MultipleAudioStreams.xcdatamodeld in Sources */,
				2714F9431A89409C00D52362 /* AppDelegate.swift in Sources */,
			);
			runOnlyForDeploymentPostprocessing = 0;
		};
		2714F9511A89409C00D52362 /* Sources */ = {
			isa = PBXSourcesBuildPhase;
			buildActionMask = 2147483647;
			files = (
				2714F95C1A89409C00D52362 /* MultipleAudioStreamsTests.swift in Sources */,
			);
			runOnlyForDeploymentPostprocessing = 0;
		};
/* End PBXSourcesBuildPhase section */

/* Begin PBXTargetDependency section */
		2714F9571A89409C00D52362 /* PBXTargetDependency */ = {
			isa = PBXTargetDependency;
			target = 2714F93C1A89409C00D52362 /* MultipleAudioStreams */;
			targetProxy = 2714F9561A89409C00D52362 /* PBXContainerItemProxy */;
		};
/* End PBXTargetDependency section */

/* Begin PBXVariantGroup section */
		2714F9491A89409C00D52362 /* Main.storyboard */ = {
			isa = PBXVariantGroup;
			children = (
				2714F94A1A89409C00D52362 /* Base */,
			);
			name = Main.storyboard;
			sourceTree = "<group>";
		};
		2714F94E1A89409C00D52362 /* LaunchScreen.xib */ = {
			isa = PBXVariantGroup;
			children = (
				2714F94F1A89409C00D52362 /* Base */,
			);
			name = LaunchScreen.xib;
			sourceTree = "<group>";
		};
/* End PBXVariantGroup section */

/* Begin XCBuildConfiguration section */
		2714F95D1A89409C00D52362 /* Debug */ = {
			isa = XCBuildConfiguration;
			buildSettings = {
				ALWAYS_SEARCH_USER_PATHS = NO;
				CLANG_CXX_LANGUAGE_STANDARD = "gnu++0x";
				CLANG_CXX_LIBRARY = "libc++";
				CLANG_ENABLE_MODULES = YES;
				CLANG_ENABLE_OBJC_ARC = YES;
				CLANG_WARN_BOOL_CONVERSION = YES;
				CLANG_WARN_CONSTANT_CONVERSION = YES;
				CLANG_WARN_DIRECT_OBJC_ISA_USAGE = YES_ERROR;
				CLANG_WARN_EMPTY_BODY = YES;
				CLANG_WARN_ENUM_CONVERSION = YES;
				CLANG_WARN_INT_CONVERSION = YES;
				CLANG_WARN_OBJC_ROOT_CLASS = YES_ERROR;
				CLANG_WARN_UNREACHABLE_CODE = YES;
				CLANG_WARN__DUPLICATE_METHOD_MATCH = YES;
				"CODE_SIGN_IDENTITY[sdk=iphoneos*]" = "iPhone Developer";
				COPY_PHASE_STRIP = NO;
				ENABLE_STRICT_OBJC_MSGSEND = YES;
				GCC_C_LANGUAGE_STANDARD = gnu99;
				GCC_DYNAMIC_NO_PIC = NO;
				GCC_OPTIMIZATION_LEVEL = 0;
				GCC_PREPROCESSOR_DEFINITIONS = (
					"DEBUG=1",
					"$(inherited)",
				);
				GCC_SYMBOLS_PRIVATE_EXTERN = NO;
				GCC_WARN_64_TO_32_BIT_CONVERSION = YES;
				GCC_WARN_ABOUT_RETURN_TYPE = YES_ERROR;
				GCC_WARN_UNDECLARED_SELECTOR = YES;
				GCC_WARN_UNINITIALIZED_AUTOS = YES_AGGRESSIVE;
				GCC_WARN_UNUSED_FUNCTION = YES;
				GCC_WARN_UNUSED_VARIABLE = YES;
				IPHONEOS_DEPLOYMENT_TARGET = 8.1;
				MTL_ENABLE_DEBUG_INFO = YES;
				ONLY_ACTIVE_ARCH = YES;
				SDKROOT = iphoneos;
				SWIFT_OPTIMIZATION_LEVEL = "-Onone";
				TARGETED_DEVICE_FAMILY = "1,2";
			};
			name = Debug;
		};
		2714F95E1A89409C00D52362 /* Release */ = {
			isa = XCBuildConfiguration;
			buildSettings = {
				ALWAYS_SEARCH_USER_PATHS = NO;
				CLANG_CXX_LANGUAGE_STANDARD = "gnu++0x";
				CLANG_CXX_LIBRARY = "libc++";
				CLANG_ENABLE_MODULES = YES;
				CLANG_ENABLE_OBJC_ARC = YES;
				CLANG_WARN_BOOL_CONVERSION = YES;
				CLANG_WARN_CONSTANT_CONVERSION = YES;
				CLANG_WARN_DIRECT_OBJC_ISA_USAGE = YES_ERROR;
				CLANG_WARN_EMPTY_BODY = YES;
				CLANG_WARN_ENUM_CONVERSION = YES;
				CLANG_WARN_INT_CONVERSION = YES;
				CLANG_WARN_OBJC_ROOT_CLASS = YES_ERROR;
				CLANG_WARN_UNREACHABLE_CODE = YES;
				CLANG_WARN__DUPLICATE_METHOD_MATCH = YES;
				"CODE_SIGN_IDENTITY[sdk=iphoneos*]" = "iPhone Developer";
				COPY_PHASE_STRIP = YES;
				ENABLE_NS_ASSERTIONS = NO;
				ENABLE_STRICT_OBJC_MSGSEND = YES;
				GCC_C_LANGUAGE_STANDARD = gnu99;
				GCC_WARN_64_TO_32_BIT_CONVERSION = YES;
				GCC_WARN_ABOUT_RETURN_TYPE = YES_ERROR;
				GCC_WARN_UNDECLARED_SELECTOR = YES;
				GCC_WARN_UNINITIALIZED_AUTOS = YES_AGGRESSIVE;
				GCC_WARN_UNUSED_FUNCTION = YES;
				GCC_WARN_UNUSED_VARIABLE = YES;
				IPHONEOS_DEPLOYMENT_TARGET = 8.1;
				MTL_ENABLE_DEBUG_INFO = NO;
				SDKROOT = iphoneos;
				TARGETED_DEVICE_FAMILY = "1,2";
				VALIDATE_PRODUCT = YES;
			};
			name = Release;
		};
		2714F9601A89409C00D52362 /* Debug */ = {
			isa = XCBuildConfiguration;
			buildSettings = {
				ASSETCATALOG_COMPILER_APPICON_NAME = AppIcon;
				CODE_SIGN_ENTITLEMENTS = MultipleAudioStreams/MultipleAudioStreams.entitlements;
				CODE_SIGN_IDENTITY = "iPhone Developer";
				"CODE_SIGN_IDENTITY[sdk=iphoneos*]" = "iPhone Developer";
				INFOPLIST_FILE = MultipleAudioStreams/Info.plist;
				LD_RUNPATH_SEARCH_PATHS = "$(inherited) @executable_path/Frameworks";
				PRODUCT_NAME = "$(TARGET_NAME)";
				PROVISIONING_PROFILE = "";
			};
			name = Debug;
		};
		2714F9611A89409C00D52362 /* Release */ = {
			isa = XCBuildConfiguration;
			buildSettings = {
				ASSETCATALOG_COMPILER_APPICON_NAME = AppIcon;
				CODE_SIGN_ENTITLEMENTS = MultipleAudioStreams/MultipleAudioStreams.entitlements;
				CODE_SIGN_IDENTITY = "iPhone Developer";
				"CODE_SIGN_IDENTITY[sdk=iphoneos*]" = "iPhone Developer";
				INFOPLIST_FILE = MultipleAudioStreams/Info.plist;
				LD_RUNPATH_SEARCH_PATHS = "$(inherited) @executable_path/Frameworks";
				PRODUCT_NAME = "$(TARGET_NAME)";
				PROVISIONING_PROFILE = "";
			};
			name = Release;
		};
		2714F9631A89409C00D52362 /* Debug */ = {
			isa = XCBuildConfiguration;
			buildSettings = {
				BUNDLE_LOADER = "$(TEST_HOST)";
				FRAMEWORK_SEARCH_PATHS = (
					"$(SDKROOT)/Developer/Library/Frameworks",
					"$(inherited)",
				);
				GCC_PREPROCESSOR_DEFINITIONS = (
					"DEBUG=1",
					"$(inherited)",
				);
				INFOPLIST_FILE = MultipleAudioStreamsTests/Info.plist;
				LD_RUNPATH_SEARCH_PATHS = "$(inherited) @executable_path/Frameworks @loader_path/Frameworks";
				PRODUCT_NAME = "$(TARGET_NAME)";
				TEST_HOST = "$(BUILT_PRODUCTS_DIR)/MultipleAudioStreams.app/MultipleAudioStreams";
			};
			name = Debug;
		};
		2714F9641A89409C00D52362 /* Release */ = {
			isa = XCBuildConfiguration;
			buildSettings = {
				BUNDLE_LOADER = "$(TEST_HOST)";
				FRAMEWORK_SEARCH_PATHS = (
					"$(SDKROOT)/Developer/Library/Frameworks",
					"$(inherited)",
				);
				INFOPLIST_FILE = MultipleAudioStreamsTests/Info.plist;
				LD_RUNPATH_SEARCH_PATHS = "$(inherited) @executable_path/Frameworks @loader_path/Frameworks";
				PRODUCT_NAME = "$(TARGET_NAME)";
				TEST_HOST = "$(BUILT_PRODUCTS_DIR)/MultipleAudioStreams.app/MultipleAudioStreams";
			};
			name = Release;
		};
/* End XCBuildConfiguration section */

/* Begin XCConfigurationList section */
		2714F9381A89409C00D52362 /* Build configuration list for PBXProject "MultipleAudioStreams" */ = {
			isa = XCConfigurationList;
			buildConfigurations = (
				2714F95D1A89409C00D52362 /* Debug */,
				2714F95E1A89409C00D52362 /* Release */,
			);
			defaultConfigurationIsVisible = 0;
			defaultConfigurationName = Release;
		};
		2714F95F1A89409C00D52362 /* Build configuration list for PBXNativeTarget "MultipleAudioStreams" */ = {
			isa = XCConfigurationList;
			buildConfigurations = (
				2714F9601A89409C00D52362 /* Debug */,
				2714F9611A89409C00D52362 /* Release */,
			);
			defaultConfigurationIsVisible = 0;
			defaultConfigurationName = Release;
		};
		2714F9621A89409C00D52362 /* Build configuration list for PBXNativeTarget "MultipleAudioStreamsTests" */ = {
			isa = XCConfigurationList;
			buildConfigurations = (
				2714F9631A89409C00D52362 /* Debug */,
				2714F9641A89409C00D52362 /* Release */,
			);
			defaultConfigurationIsVisible = 0;
			defaultConfigurationName = Release;
		};
/* End XCConfigurationList section */

/* Begin XCVersionGroup section */
		2714F9441A89409C00D52362 /* MultipleAudioStreams.xcdatamodeld */ = {
			isa = XCVersionGroup;
			children = (
				2714F9451A89409C00D52362 /* MultipleAudioStreams.xcdatamodel */,
			);
			currentVersion = 2714F9451A89409C00D52362 /* MultipleAudioStreams.xcdatamodel */;
			path = MultipleAudioStreams.xcdatamodeld;
			sourceTree = "<group>";
			versionGroupType = wrapper.xcdatamodel;
		};
/* End XCVersionGroup section */
	};
	rootObject = 2714F9351A89409C00D52362 /* Project object */;
}
