// !$*UTF8*$!
{
	archiveVersion = 1;
	classes = {
	};
	objectVersion = 46;
	objects = {

/* Begin PBXBuildFile section */
		275490C71AC1C84D004C20C1 /* GoogleMaps.framework in Frameworks */ = {isa = PBXBuildFile; fileRef = 275490C61AC1C84D004C20C1 /* GoogleMaps.framework */; };
		275490CD1AC1C9C8004C20C1 /* CoreGraphics.framework in Frameworks */ = {isa = PBXBuildFile; fileRef = 275490CC1AC1C9C8004C20C1 /* CoreGraphics.framework */; };
		275490CF1AC1C9ED004C20C1 /* AVFoundation.framework in Frameworks */ = {isa = PBXBuildFile; fileRef = 275490CE1AC1C9ED004C20C1 /* AVFoundation.framework */; };
		275490D11AC1C9F4004C20C1 /* CoreData.framework in Frameworks */ = {isa = PBXBuildFile; fileRef = 275490D01AC1C9F4004C20C1 /* CoreData.framework */; };
		275490D31AC1C9F9004C20C1 /* CoreLocation.framework in Frameworks */ = {isa = PBXBuildFile; fileRef = 275490D21AC1C9F9004C20C1 /* CoreLocation.framework */; };
		275490D51AC1C9FD004C20C1 /* GLKit.framework in Frameworks */ = {isa = PBXBuildFile; fileRef = 275490D41AC1C9FD004C20C1 /* GLKit.framework */; };
		275490D71AC1CA02004C20C1 /* CoreText.framework in Frameworks */ = {isa = PBXBuildFile; fileRef = 275490D61AC1CA02004C20C1 /* CoreText.framework */; };
		275490D91AC1CA07004C20C1 /* ImageIO.framework in Frameworks */ = {isa = PBXBuildFile; fileRef = 275490D81AC1CA07004C20C1 /* ImageIO.framework */; };
		275490DB1AC1CA13004C20C1 /* libc++.dylib in Frameworks */ = {isa = PBXBuildFile; fileRef = 275490DA1AC1CA13004C20C1 /* libc++.dylib */; };
		275490DD1AC1CA1B004C20C1 /* libicucore.dylib in Frameworks */ = {isa = PBXBuildFile; fileRef = 275490DC1AC1CA1B004C20C1 /* libicucore.dylib */; };
		275490DF1AC1CA20004C20C1 /* libz.dylib in Frameworks */ = {isa = PBXBuildFile; fileRef = 275490DE1AC1CA20004C20C1 /* libz.dylib */; };
		275490E11AC1CA25004C20C1 /* OpenGLES.framework in Frameworks */ = {isa = PBXBuildFile; fileRef = 275490E01AC1CA25004C20C1 /* OpenGLES.framework */; };
		275490E31AC1CA2B004C20C1 /* QuartzCore.framework in Frameworks */ = {isa = PBXBuildFile; fileRef = 275490E21AC1CA2B004C20C1 /* QuartzCore.framework */; };
		275490E51AC1CA32004C20C1 /* SystemConfiguration.framework in Frameworks */ = {isa = PBXBuildFile; fileRef = 275490E41AC1CA32004C20C1 /* SystemConfiguration.framework */; };
		275490E61AC1CBC6004C20C1 /* GoogleMaps.framework in Resources */ = {isa = PBXBuildFile; fileRef = 275490C61AC1C84D004C20C1 /* GoogleMaps.framework */; };
		275490E71AC1CBC6004C20C1 /* SystemConfiguration.framework in Resources */ = {isa = PBXBuildFile; fileRef = 275490E41AC1CA32004C20C1 /* SystemConfiguration.framework */; };
		275490E81AC1CBC6004C20C1 /* QuartzCore.framework in Resources */ = {isa = PBXBuildFile; fileRef = 275490E21AC1CA2B004C20C1 /* QuartzCore.framework */; };
		275490E91AC1CBC6004C20C1 /* OpenGLES.framework in Resources */ = {isa = PBXBuildFile; fileRef = 275490E01AC1CA25004C20C1 /* OpenGLES.framework */; };
		275490EA1AC1CBC6004C20C1 /* libz.dylib in Resources */ = {isa = PBXBuildFile; fileRef = 275490DE1AC1CA20004C20C1 /* libz.dylib */; };
		275490EB1AC1CBC6004C20C1 /* libicucore.dylib in Resources */ = {isa = PBXBuildFile; fileRef = 275490DC1AC1CA1B004C20C1 /* libicucore.dylib */; };
		275490EC1AC1CBC6004C20C1 /* libc++.dylib in Resources */ = {isa = PBXBuildFile; fileRef = 275490DA1AC1CA13004C20C1 /* libc++.dylib */; };
		275490ED1AC1CBC6004C20C1 /* ImageIO.framework in Resources */ = {isa = PBXBuildFile; fileRef = 275490D81AC1CA07004C20C1 /* ImageIO.framework */; };
		275490EE1AC1CBC6004C20C1 /* CoreText.framework in Resources */ = {isa = PBXBuildFile; fileRef = 275490D61AC1CA02004C20C1 /* CoreText.framework */; };
		275490EF1AC1CBC6004C20C1 /* GLKit.framework in Resources */ = {isa = PBXBuildFile; fileRef = 275490D41AC1C9FD004C20C1 /* GLKit.framework */; };
		275490F01AC1CBC6004C20C1 /* CoreLocation.framework in Resources */ = {isa = PBXBuildFile; fileRef = 275490D21AC1C9F9004C20C1 /* CoreLocation.framework */; };
		275490F11AC1CBC6004C20C1 /* CoreData.framework in Resources */ = {isa = PBXBuildFile; fileRef = 275490D01AC1C9F4004C20C1 /* CoreData.framework */; };
		275490F21AC1CBC6004C20C1 /* AVFoundation.framework in Resources */ = {isa = PBXBuildFile; fileRef = 275490CE1AC1C9ED004C20C1 /* AVFoundation.framework */; };
		275490F31AC1CBC6004C20C1 /* CoreGraphics.framework in Resources */ = {isa = PBXBuildFile; fileRef = 275490CC1AC1C9C8004C20C1 /* CoreGraphics.framework */; };
		275490F51AC1CDDE004C20C1 /* MapKit.framework in Frameworks */ = {isa = PBXBuildFile; fileRef = 275490F41AC1CDDE004C20C1 /* MapKit.framework */; };
		27DE38981AC1C72A001ABB01 /* AppDelegate.swift in Sources */ = {isa = PBXBuildFile; fileRef = 27DE38971AC1C72A001ABB01 /* AppDelegate.swift */; };
		27DE389A1AC1C72A001ABB01 /* ViewController.swift in Sources */ = {isa = PBXBuildFile; fileRef = 27DE38991AC1C72A001ABB01 /* ViewController.swift */; };
		27DE389D1AC1C72A001ABB01 /* Main.storyboard in Resources */ = {isa = PBXBuildFile; fileRef = 27DE389B1AC1C72A001ABB01 /* Main.storyboard */; };
		27DE389F1AC1C72A001ABB01 /* Images.xcassets in Resources */ = {isa = PBXBuildFile; fileRef = 27DE389E1AC1C72A001ABB01 /* Images.xcassets */; };
		27DE38A21AC1C72A001ABB01 /* LaunchScreen.xib in Resources */ = {isa = PBXBuildFile; fileRef = 27DE38A01AC1C72A001ABB01 /* LaunchScreen.xib */; };
		27DE38AE1AC1C72B001ABB01 /* MapsTests.swift in Sources */ = {isa = PBXBuildFile; fileRef = 27DE38AD1AC1C72B001ABB01 /* MapsTests.swift */; };
/* End PBXBuildFile section */

/* Begin PBXContainerItemProxy section */
		27DE38A81AC1C72A001ABB01 /* PBXContainerItemProxy */ = {
			isa = PBXContainerItemProxy;
			containerPortal = 27DE388A1AC1C72A001ABB01 /* Project object */;
			proxyType = 1;
			remoteGlobalIDString = 27DE38911AC1C72A001ABB01;
			remoteInfo = Maps;
		};
/* End PBXContainerItemProxy section */

/* Begin PBXFileReference section */
		275490C61AC1C84D004C20C1 /* GoogleMaps.framework */ = {isa = PBXFileReference; lastKnownFileType = wrapper.framework; path = GoogleMaps.framework; sourceTree = "<group>"; };
		275490C81AC1C874004C20C1 /* Maps-Bridging-Header.h */ = {isa = PBXFileReference; lastKnownFileType = sourcecode.c.h; path = "Maps-Bridging-Header.h"; sourceTree = "<group>"; };
		275490CC1AC1C9C8004C20C1 /* CoreGraphics.framework */ = {isa = PBXFileReference; lastKnownFileType = wrapper.framework; name = CoreGraphics.framework; path = System/Library/Frameworks/CoreGraphics.framework; sourceTree = SDKROOT; };
		275490CE1AC1C9ED004C20C1 /* AVFoundation.framework */ = {isa = PBXFileReference; lastKnownFileType = wrapper.framework; name = AVFoundation.framework; path = System/Library/Frameworks/AVFoundation.framework; sourceTree = SDKROOT; };
		275490D01AC1C9F4004C20C1 /* CoreData.framework */ = {isa = PBXFileReference; lastKnownFileType = wrapper.framework; name = CoreData.framework; path = System/Library/Frameworks/CoreData.framework; sourceTree = SDKROOT; };
		275490D21AC1C9F9004C20C1 /* CoreLocation.framework */ = {isa = PBXFileReference; lastKnownFileType = wrapper.framework; name = CoreLocation.framework; path = System/Library/Frameworks/CoreLocation.framework; sourceTree = SDKROOT; };
		275490D41AC1C9FD004C20C1 /* GLKit.framework */ = {isa = PBXFileReference; lastKnownFileType = wrapper.framework; name = GLKit.framework; path = System/Library/Frameworks/GLKit.framework; sourceTree = SDKROOT; };
		275490D61AC1CA02004C20C1 /* CoreText.framework */ = {isa = PBXFileReference; lastKnownFileType = wrapper.framework; name = CoreText.framework; path = System/Library/Frameworks/CoreText.framework; sourceTree = SDKROOT; };
		275490D81AC1CA07004C20C1 /* ImageIO.framework */ = {isa = PBXFileReference; lastKnownFileType = wrapper.framework; name = ImageIO.framework; path = System/Library/Frameworks/ImageIO.framework; sourceTree = SDKROOT; };
		275490DA1AC1CA13004C20C1 /* libc++.dylib */ = {isa = PBXFileReference; lastKnownFileType = "compiled.mach-o.dylib"; name = "libc++.dylib"; path = "usr/lib/libc++.dylib"; sourceTree = SDKROOT; };
		275490DC1AC1CA1B004C20C1 /* libicucore.dylib */ = {isa = PBXFileReference; lastKnownFileType = "compiled.mach-o.dylib"; name = libicucore.dylib; path = usr/lib/libicucore.dylib; sourceTree = SDKROOT; };
		275490DE1AC1CA20004C20C1 /* libz.dylib */ = {isa = PBXFileReference; lastKnownFileType = "compiled.mach-o.dylib"; name = libz.dylib; path = usr/lib/libz.dylib; sourceTree = SDKROOT; };
		275490E01AC1CA25004C20C1 /* OpenGLES.framework */ = {isa = PBXFileReference; lastKnownFileType = wrapper.framework; name = OpenGLES.framework; path = System/Library/Frameworks/OpenGLES.framework; sourceTree = SDKROOT; };
		275490E21AC1CA2B004C20C1 /* QuartzCore.framework */ = {isa = PBXFileReference; lastKnownFileType = wrapper.framework; name = QuartzCore.framework; path = System/Library/Frameworks/QuartzCore.framework; sourceTree = SDKROOT; };
		275490E41AC1CA32004C20C1 /* SystemConfiguration.framework */ = {isa = PBXFileReference; lastKnownFileType = wrapper.framework; name = SystemConfiguration.framework; path = System/Library/Frameworks/SystemConfiguration.framework; sourceTree = SDKROOT; };
		275490F41AC1CDDE004C20C1 /* MapKit.framework */ = {isa = PBXFileReference; lastKnownFileType = wrapper.framework; name = MapKit.framework; path = System/Library/Frameworks/MapKit.framework; sourceTree = SDKROOT; };
		27DE38921AC1C72A001ABB01 /* Maps.app */ = {isa = PBXFileReference; explicitFileType = wrapper.application; includeInIndex = 0; path = Maps.app; sourceTree = BUILT_PRODUCTS_DIR; };
		27DE38961AC1C72A001ABB01 /* Info.plist */ = {isa = PBXFileReference; lastKnownFileType = text.plist.xml; path = Info.plist; sourceTree = "<group>"; };
		27DE38971AC1C72A001ABB01 /* AppDelegate.swift */ = {isa = PBXFileReference; lastKnownFileType = sourcecode.swift; path = AppDelegate.swift; sourceTree = "<group>"; };
		27DE38991AC1C72A001ABB01 /* ViewController.swift */ = {isa = PBXFileReference; lastKnownFileType = sourcecode.swift; path = ViewController.swift; sourceTree = "<group>"; };
		27DE389C1AC1C72A001ABB01 /* Base */ = {isa = PBXFileReference; lastKnownFileType = file.storyboard; name = Base; path = Base.lproj/Main.storyboard; sourceTree = "<group>"; };
		27DE389E1AC1C72A001ABB01 /* Images.xcassets */ = {isa = PBXFileReference; lastKnownFileType = folder.assetcatalog; path = Images.xcassets; sourceTree = "<group>"; };
		27DE38A11AC1C72A001ABB01 /* Base */ = {isa = PBXFileReference; lastKnownFileType = file.xib; name = Base; path = Base.lproj/LaunchScreen.xib; sourceTree = "<group>"; };
		27DE38A71AC1C72A001ABB01 /* MapsTests.xctest */ = {isa = PBXFileReference; explicitFileType = wrapper.cfbundle; includeInIndex = 0; path = MapsTests.xctest; sourceTree = BUILT_PRODUCTS_DIR; };
		27DE38AC1AC1C72B001ABB01 /* Info.plist */ = {isa = PBXFileReference; lastKnownFileType = text.plist.xml; path = Info.plist; sourceTree = "<group>"; };
		27DE38AD1AC1C72B001ABB01 /* MapsTests.swift */ = {isa = PBXFileReference; lastKnownFileType = sourcecode.swift; path = MapsTests.swift; sourceTree = "<group>"; };
/* End PBXFileReference section */

/* Begin PBXFrameworksBuildPhase section */
		27DE388F1AC1C72A001ABB01 /* Frameworks */ = {
			isa = PBXFrameworksBuildPhase;
			buildActionMask = 2147483647;
			files = (
				275490F51AC1CDDE004C20C1 /* MapKit.framework in Frameworks */,
				275490E51AC1CA32004C20C1 /* SystemConfiguration.framework in Frameworks */,
				275490E31AC1CA2B004C20C1 /* QuartzCore.framework in Frameworks */,
				275490E11AC1CA25004C20C1 /* OpenGLES.framework in Frameworks */,
				275490DF1AC1CA20004C20C1 /* libz.dylib in Frameworks */,
				275490DD1AC1CA1B004C20C1 /* libicucore.dylib in Frameworks */,
				275490DB1AC1CA13004C20C1 /* libc++.dylib in Frameworks */,
				275490D91AC1CA07004C20C1 /* ImageIO.framework in Frameworks */,
				275490D71AC1CA02004C20C1 /* CoreText.framework in Frameworks */,
				275490D51AC1C9FD004C20C1 /* GLKit.framework in Frameworks */,
				275490D31AC1C9F9004C20C1 /* CoreLocation.framework in Frameworks */,
				275490D11AC1C9F4004C20C1 /* CoreData.framework in Frameworks */,
				275490CF1AC1C9ED004C20C1 /* AVFoundation.framework in Frameworks */,
				275490CD1AC1C9C8004C20C1 /* CoreGraphics.framework in Frameworks */,
				275490C71AC1C84D004C20C1 /* GoogleMaps.framework in Frameworks */,
			);
			runOnlyForDeploymentPostprocessing = 0;
		};
		27DE38A41AC1C72A001ABB01 /* Frameworks */ = {
			isa = PBXFrameworksBuildPhase;
			buildActionMask = 2147483647;
			files = (
			);
			runOnlyForDeploymentPostprocessing = 0;
		};
/* End PBXFrameworksBuildPhase section */

/* Begin PBXGroup section */
		27DE38891AC1C72A001ABB01 = {
			isa = PBXGroup;
			children = (
				27DE38941AC1C72A001ABB01 /* Maps */,
				27DE38AA1AC1C72B001ABB01 /* MapsTests */,
				27DE38931AC1C72A001ABB01 /* Products */,
			);
			sourceTree = "<group>";
		};
		27DE38931AC1C72A001ABB01 /* Products */ = {
			isa = PBXGroup;
			children = (
				27DE38921AC1C72A001ABB01 /* Maps.app */,
				27DE38A71AC1C72A001ABB01 /* MapsTests.xctest */,
			);
			name = Products;
			sourceTree = "<group>";
		};
		27DE38941AC1C72A001ABB01 /* Maps */ = {
			isa = PBXGroup;
			children = (
				27DE38951AC1C72A001ABB01 /* Supporting Files */,
				27DE38971AC1C72A001ABB01 /* AppDelegate.swift */,
				27DE38991AC1C72A001ABB01 /* ViewController.swift */,
				27DE389B1AC1C72A001ABB01 /* Main.storyboard */,
				27DE389E1AC1C72A001ABB01 /* Images.xcassets */,
				27DE38A01AC1C72A001ABB01 /* LaunchScreen.xib */,
				275490C81AC1C874004C20C1 /* Maps-Bridging-Header.h */,
			);
			path = Maps;
			sourceTree = "<group>";
		};
		27DE38951AC1C72A001ABB01 /* Supporting Files */ = {
			isa = PBXGroup;
			children = (
				275490F41AC1CDDE004C20C1 /* MapKit.framework */,
				275490C61AC1C84D004C20C1 /* GoogleMaps.framework */,
				275490E41AC1CA32004C20C1 /* SystemConfiguration.framework */,
				275490E21AC1CA2B004C20C1 /* QuartzCore.framework */,
				275490E01AC1CA25004C20C1 /* OpenGLES.framework */,
				275490DE1AC1CA20004C20C1 /* libz.dylib */,
				275490DC1AC1CA1B004C20C1 /* libicucore.dylib */,
				275490DA1AC1CA13004C20C1 /* libc++.dylib */,
				275490D81AC1CA07004C20C1 /* ImageIO.framework */,
				275490D61AC1CA02004C20C1 /* CoreText.framework */,
				275490D41AC1C9FD004C20C1 /* GLKit.framework */,
				275490D21AC1C9F9004C20C1 /* CoreLocation.framework */,
				275490D01AC1C9F4004C20C1 /* CoreData.framework */,
				275490CE1AC1C9ED004C20C1 /* AVFoundation.framework */,
				275490CC1AC1C9C8004C20C1 /* CoreGraphics.framework */,
				27DE38961AC1C72A001ABB01 /* Info.plist */,
			);
			name = "Supporting Files";
			sourceTree = "<group>";
		};
		27DE38AA1AC1C72B001ABB01 /* MapsTests */ = {
			isa = PBXGroup;
			children = (
				27DE38AD1AC1C72B001ABB01 /* MapsTests.swift */,
				27DE38AB1AC1C72B001ABB01 /* Supporting Files */,
			);
			path = MapsTests;
			sourceTree = "<group>";
		};
		27DE38AB1AC1C72B001ABB01 /* Supporting Files */ = {
			isa = PBXGroup;
			children = (
				27DE38AC1AC1C72B001ABB01 /* Info.plist */,
			);
			name = "Supporting Files";
			sourceTree = "<group>";
		};
/* End PBXGroup section */

/* Begin PBXNativeTarget section */
		27DE38911AC1C72A001ABB01 /* Maps */ = {
			isa = PBXNativeTarget;
			buildConfigurationList = 27DE38B11AC1C72B001ABB01 /* Build configuration list for PBXNativeTarget "Maps" */;
			buildPhases = (
				27DE388E1AC1C72A001ABB01 /* Sources */,
				27DE388F1AC1C72A001ABB01 /* Frameworks */,
				27DE38901AC1C72A001ABB01 /* Resources */,
			);
			buildRules = (
			);
			dependencies = (
			);
			name = Maps;
			productName = Maps;
			productReference = 27DE38921AC1C72A001ABB01 /* Maps.app */;
			productType = "com.apple.product-type.application";
		};
		27DE38A61AC1C72A001ABB01 /* MapsTests */ = {
			isa = PBXNativeTarget;
			buildConfigurationList = 27DE38B41AC1C72B001ABB01 /* Build configuration list for PBXNativeTarget "MapsTests" */;
			buildPhases = (
				27DE38A31AC1C72A001ABB01 /* Sources */,
				27DE38A41AC1C72A001ABB01 /* Frameworks */,
				27DE38A51AC1C72A001ABB01 /* Resources */,
			);
			buildRules = (
			);
			dependencies = (
				27DE38A91AC1C72A001ABB01 /* PBXTargetDependency */,
			);
			name = MapsTests;
			productName = MapsTests;
			productReference = 27DE38A71AC1C72A001ABB01 /* MapsTests.xctest */;
			productType = "com.apple.product-type.bundle.unit-test";
		};
/* End PBXNativeTarget section */

/* Begin PBXProject section */
		27DE388A1AC1C72A001ABB01 /* Project object */ = {
			isa = PBXProject;
			attributes = {
				LastUpgradeCheck = 0630;
				ORGANIZATIONNAME = "Clay McLeod";
				TargetAttributes = {
					27DE38911AC1C72A001ABB01 = {
						CreatedOnToolsVersion = 6.3;
					};
					27DE38A61AC1C72A001ABB01 = {
						CreatedOnToolsVersion = 6.3;
						TestTargetID = 27DE38911AC1C72A001ABB01;
					};
				};
			};
			buildConfigurationList = 27DE388D1AC1C72A001ABB01 /* Build configuration list for PBXProject "Maps" */;
			compatibilityVersion = "Xcode 3.2";
			developmentRegion = English;
			hasScannedForEncodings = 0;
			knownRegions = (
				en,
				Base,
			);
			mainGroup = 27DE38891AC1C72A001ABB01;
			productRefGroup = 27DE38931AC1C72A001ABB01 /* Products */;
			projectDirPath = "";
			projectRoot = "";
			targets = (
				27DE38911AC1C72A001ABB01 /* Maps */,
				27DE38A61AC1C72A001ABB01 /* MapsTests */,
			);
		};
/* End PBXProject section */

/* Begin PBXResourcesBuildPhase section */
		27DE38901AC1C72A001ABB01 /* Resources */ = {
			isa = PBXResourcesBuildPhase;
			buildActionMask = 2147483647;
			files = (
				275490E61AC1CBC6004C20C1 /* GoogleMaps.framework in Resources */,
				275490E71AC1CBC6004C20C1 /* SystemConfiguration.framework in Resources */,
				275490E81AC1CBC6004C20C1 /* QuartzCore.framework in Resources */,
				275490E91AC1CBC6004C20C1 /* OpenGLES.framework in Resources */,
				275490EA1AC1CBC6004C20C1 /* libz.dylib in Resources */,
				275490EB1AC1CBC6004C20C1 /* libicucore.dylib in Resources */,
				275490EC1AC1CBC6004C20C1 /* libc++.dylib in Resources */,
				275490ED1AC1CBC6004C20C1 /* ImageIO.framework in Resources */,
				275490EE1AC1CBC6004C20C1 /* CoreText.framework in Resources */,
				275490EF1AC1CBC6004C20C1 /* GLKit.framework in Resources */,
				275490F01AC1CBC6004C20C1 /* CoreLocation.framework in Resources */,
				275490F11AC1CBC6004C20C1 /* CoreData.framework in Resources */,
				275490F21AC1CBC6004C20C1 /* AVFoundation.framework in Resources */,
				275490F31AC1CBC6004C20C1 /* CoreGraphics.framework in Resources */,
				27DE389D1AC1C72A001ABB01 /* Main.storyboard in Resources */,
				27DE38A21AC1C72A001ABB01 /* LaunchScreen.xib in Resources */,
				27DE389F1AC1C72A001ABB01 /* Images.xcassets in Resources */,
			);
			runOnlyForDeploymentPostprocessing = 0;
		};
		27DE38A51AC1C72A001ABB01 /* Resources */ = {
			isa = PBXResourcesBuildPhase;
			buildActionMask = 2147483647;
			files = (
			);
			runOnlyForDeploymentPostprocessing = 0;
		};
/* End PBXResourcesBuildPhase section */

/* Begin PBXSourcesBuildPhase section */
		27DE388E1AC1C72A001ABB01 /* Sources */ = {
			isa = PBXSourcesBuildPhase;
			buildActionMask = 2147483647;
			files = (
				27DE389A1AC1C72A001ABB01 /* ViewController.swift in Sources */,
				27DE38981AC1C72A001ABB01 /* AppDelegate.swift in Sources */,
			);
			runOnlyForDeploymentPostprocessing = 0;
		};
		27DE38A31AC1C72A001ABB01 /* Sources */ = {
			isa = PBXSourcesBuildPhase;
			buildActionMask = 2147483647;
			files = (
				27DE38AE1AC1C72B001ABB01 /* MapsTests.swift in Sources */,
			);
			runOnlyForDeploymentPostprocessing = 0;
		};
/* End PBXSourcesBuildPhase section */

/* Begin PBXTargetDependency section */
		27DE38A91AC1C72A001ABB01 /* PBXTargetDependency */ = {
			isa = PBXTargetDependency;
			target = 27DE38911AC1C72A001ABB01 /* Maps */;
			targetProxy = 27DE38A81AC1C72A001ABB01 /* PBXContainerItemProxy */;
		};
/* End PBXTargetDependency section */

/* Begin PBXVariantGroup section */
		27DE389B1AC1C72A001ABB01 /* Main.storyboard */ = {
			isa = PBXVariantGroup;
			children = (
				27DE389C1AC1C72A001ABB01 /* Base */,
			);
			name = Main.storyboard;
			sourceTree = "<group>";
		};
		27DE38A01AC1C72A001ABB01 /* LaunchScreen.xib */ = {
			isa = PBXVariantGroup;
			children = (
				27DE38A11AC1C72A001ABB01 /* Base */,
			);
			name = LaunchScreen.xib;
			sourceTree = "<group>";
		};
/* End PBXVariantGroup section */

/* Begin XCBuildConfiguration section */
		27DE38AF1AC1C72B001ABB01 /* Debug */ = {
			isa = XCBuildConfiguration;
			buildSettings = {
				ALWAYS_SEARCH_USER_PATHS = NO;
				CLANG_CXX_LANGUAGE_STANDARD = "gnu++0x";
				CLANG_CXX_LIBRARY = "libc++";
				CLANG_ENABLE_MODULES = YES;
				CLANG_ENABLE_OBJC_ARC = YES;
				CLANG_WARN_BOOL_CONVERSION = YES;
				CLANG_WARN_CONSTANT_CONVERSION = YES;
				CLANG_WARN_DIRECT_OBJC_ISA_USAGE = YES_ERROR;
				CLANG_WARN_EMPTY_BODY = YES;
				CLANG_WARN_ENUM_CONVERSION = YES;
				CLANG_WARN_INT_CONVERSION = YES;
				CLANG_WARN_OBJC_ROOT_CLASS = YES_ERROR;
				CLANG_WARN_UNREACHABLE_CODE = YES;
				CLANG_WARN__DUPLICATE_METHOD_MATCH = YES;
				"CODE_SIGN_IDENTITY[sdk=iphoneos*]" = "iPhone Developer";
				COPY_PHASE_STRIP = NO;
				DEBUG_INFORMATION_FORMAT = dwarf;
				ENABLE_STRICT_OBJC_MSGSEND = YES;
				GCC_C_LANGUAGE_STANDARD = gnu99;
				GCC_DYNAMIC_NO_PIC = NO;
				GCC_OPTIMIZATION_LEVEL = 0;
				GCC_PREPROCESSOR_DEFINITIONS = (
					"DEBUG=1",
					"$(inherited)",
				);
				GCC_SYMBOLS_PRIVATE_EXTERN = NO;
				GCC_WARN_64_TO_32_BIT_CONVERSION = YES;
				GCC_WARN_ABOUT_RETURN_TYPE = YES_ERROR;
				GCC_WARN_UNDECLARED_SELECTOR = YES;
				GCC_WARN_UNINITIALIZED_AUTOS = YES_AGGRESSIVE;
				GCC_WARN_UNUSED_FUNCTION = YES;
				GCC_WARN_UNUSED_VARIABLE = YES;
				IPHONEOS_DEPLOYMENT_TARGET = 8.2;
				MTL_ENABLE_DEBUG_INFO = YES;
				ONLY_ACTIVE_ARCH = YES;
				SDKROOT = iphoneos;
				SWIFT_OPTIMIZATION_LEVEL = "-Onone";
				TARGETED_DEVICE_FAMILY = "1,2";
			};
			name = Debug;
		};
		27DE38B01AC1C72B001ABB01 /* Release */ = {
			isa = XCBuildConfiguration;
			buildSettings = {
				ALWAYS_SEARCH_USER_PATHS = NO;
				CLANG_CXX_LANGUAGE_STANDARD = "gnu++0x";
				CLANG_CXX_LIBRARY = "libc++";
				CLANG_ENABLE_MODULES = YES;
				CLANG_ENABLE_OBJC_ARC = YES;
				CLANG_WARN_BOOL_CONVERSION = YES;
				CLANG_WARN_CONSTANT_CONVERSION = YES;
				CLANG_WARN_DIRECT_OBJC_ISA_USAGE = YES_ERROR;
				CLANG_WARN_EMPTY_BODY = YES;
				CLANG_WARN_ENUM_CONVERSION = YES;
				CLANG_WARN_INT_CONVERSION = YES;
				CLANG_WARN_OBJC_ROOT_CLASS = YES_ERROR;
				CLANG_WARN_UNREACHABLE_CODE = YES;
				CLANG_WARN__DUPLICATE_METHOD_MATCH = YES;
				"CODE_SIGN_IDENTITY[sdk=iphoneos*]" = "iPhone Developer";
				COPY_PHASE_STRIP = NO;
				DEBUG_INFORMATION_FORMAT = "dwarf-with-dsym";
				ENABLE_NS_ASSERTIONS = NO;
				ENABLE_STRICT_OBJC_MSGSEND = YES;
				GCC_C_LANGUAGE_STANDARD = gnu99;
				GCC_WARN_64_TO_32_BIT_CONVERSION = YES;
				GCC_WARN_ABOUT_RETURN_TYPE = YES_ERROR;
				GCC_WARN_UNDECLARED_SELECTOR = YES;
				GCC_WARN_UNINITIALIZED_AUTOS = YES_AGGRESSIVE;
				GCC_WARN_UNUSED_FUNCTION = YES;
				GCC_WARN_UNUSED_VARIABLE = YES;
				IPHONEOS_DEPLOYMENT_TARGET = 8.2;
				MTL_ENABLE_DEBUG_INFO = NO;
				SDKROOT = iphoneos;
				TARGETED_DEVICE_FAMILY = "1,2";
				VALIDATE_PRODUCT = YES;
			};
			name = Release;
		};
		27DE38B21AC1C72B001ABB01 /* Debug */ = {
			isa = XCBuildConfiguration;
			buildSettings = {
				ASSETCATALOG_COMPILER_APPICON_NAME = AppIcon;
				CLANG_ENABLE_MODULES = YES;
				FRAMEWORK_SEARCH_PATHS = (
					"$(inherited)",
					"$(PROJECT_DIR)/Maps",
				);
				INFOPLIST_FILE = Maps/Info.plist;
				LD_RUNPATH_SEARCH_PATHS = "$(inherited) @executable_path/Frameworks";
				PRODUCT_NAME = "$(TARGET_NAME)";
				SWIFT_OBJC_BRIDGING_HEADER = "Maps/Maps-Bridging-Header.h";
				SWIFT_OPTIMIZATION_LEVEL = "-Onone";
			};
			name = Debug;
		};
		27DE38B31AC1C72B001ABB01 /* Release */ = {
			isa = XCBuildConfiguration;
			buildSettings = {
				ASSETCATALOG_COMPILER_APPICON_NAME = AppIcon;
				CLANG_ENABLE_MODULES = YES;
				FRAMEWORK_SEARCH_PATHS = (
					"$(inherited)",
					"$(PROJECT_DIR)/Maps",
				);
				INFOPLIST_FILE = Maps/Info.plist;
				LD_RUNPATH_SEARCH_PATHS = "$(inherited) @executable_path/Frameworks";
				PRODUCT_NAME = "$(TARGET_NAME)";
				SWIFT_OBJC_BRIDGING_HEADER = "Maps/Maps-Bridging-Header.h";
			};
			name = Release;
		};
		27DE38B51AC1C72B001ABB01 /* Debug */ = {
			isa = XCBuildConfiguration;
			buildSettings = {
				BUNDLE_LOADER = "$(TEST_HOST)";
				FRAMEWORK_SEARCH_PATHS = (
					"$(SDKROOT)/Developer/Library/Frameworks",
					"$(inherited)",
				);
				GCC_PREPROCESSOR_DEFINITIONS = (
					"DEBUG=1",
					"$(inherited)",
				);
				INFOPLIST_FILE = MapsTests/Info.plist;
				LD_RUNPATH_SEARCH_PATHS = "$(inherited) @executable_path/Frameworks @loader_path/Frameworks";
				PRODUCT_NAME = "$(TARGET_NAME)";
				TEST_HOST = "$(BUILT_PRODUCTS_DIR)/Maps.app/Maps";
			};
			name = Debug;
		};
		27DE38B61AC1C72B001ABB01 /* Release */ = {
			isa = XCBuildConfiguration;
			buildSettings = {
				BUNDLE_LOADER = "$(TEST_HOST)";
				FRAMEWORK_SEARCH_PATHS = (
					"$(SDKROOT)/Developer/Library/Frameworks",
					"$(inherited)",
				);
				INFOPLIST_FILE = MapsTests/Info.plist;
				LD_RUNPATH_SEARCH_PATHS = "$(inherited) @executable_path/Frameworks @loader_path/Frameworks";
				PRODUCT_NAME = "$(TARGET_NAME)";
				TEST_HOST = "$(BUILT_PRODUCTS_DIR)/Maps.app/Maps";
			};
			name = Release;
		};
/* End XCBuildConfiguration section */

/* Begin XCConfigurationList section */
		27DE388D1AC1C72A001ABB01 /* Build configuration list for PBXProject "Maps" */ = {
			isa = XCConfigurationList;
			buildConfigurations = (
				27DE38AF1AC1C72B001ABB01 /* Debug */,
				27DE38B01AC1C72B001ABB01 /* Release */,
			);
			defaultConfigurationIsVisible = 0;
			defaultConfigurationName = Release;
		};
		27DE38B11AC1C72B001ABB01 /* Build configuration list for PBXNativeTarget "Maps" */ = {
			isa = XCConfigurationList;
			buildConfigurations = (
				27DE38B21AC1C72B001ABB01 /* Debug */,
				27DE38B31AC1C72B001ABB01 /* Release */,
			);
			defaultConfigurationIsVisible = 0;
			defaultConfigurationName = Release;
		};
		27DE38B41AC1C72B001ABB01 /* Build configuration list for PBXNativeTarget "MapsTests" */ = {
			isa = XCConfigurationList;
			buildConfigurations = (
				27DE38B51AC1C72B001ABB01 /* Debug */,
				27DE38B61AC1C72B001ABB01 /* Release */,
			);
			defaultConfigurationIsVisible = 0;
			defaultConfigurationName = Release;
		};
/* End XCConfigurationList section */
	};
	rootObject = 27DE388A1AC1C72A001ABB01 /* Project object */;
}
