// !$*UTF8*$!
{
	archiveVersion = 1;
	classes = {
	};
	objectVersion = 46;
	objects = {

/* Begin PBXBuildFile section */
		275860071A83CE4500B620FA /* FACollectionViewCell.swift in Sources */ = {isa = PBXBuildFile; fileRef = 275860061A83CE4500B620FA /* FACollectionViewCell.swift */; };
		275860091A83D56D00B620FA /* FAHeaderCollectionReusableView.swift in Sources */ = {isa = PBXBuildFile; fileRef = 275860081A83D56D00B620FA /* FAHeaderCollectionReusableView.swift */; };
		2758600B1A83D98300B620FA /* FAUtilities.swift in Sources */ = {isa = PBXBuildFile; fileRef = 2758600A1A83D98300B620FA /* FAUtilities.swift */; };
		27F5965D1A8302D4007485DF /* AppDelegate.swift in Sources */ = {isa = PBXBuildFile; fileRef = 27F5965C1A8302D4007485DF /* AppDelegate.swift */; };
		27F596601A8302D4007485DF /* FlickrApplication.xcdatamodeld in Sources */ = {isa = PBXBuildFile; fileRef = 27F5965E1A8302D4007485DF /* FlickrApplication.xcdatamodeld */; };
		27F596651A8302D4007485DF /* Main.storyboard in Resources */ = {isa = PBXBuildFile; fileRef = 27F596631A8302D4007485DF /* Main.storyboard */; };
		27F596671A8302D4007485DF /* Images.xcassets in Resources */ = {isa = PBXBuildFile; fileRef = 27F596661A8302D4007485DF /* Images.xcassets */; };
		27F5966A1A8302D4007485DF /* LaunchScreen.xib in Resources */ = {isa = PBXBuildFile; fileRef = 27F596681A8302D4007485DF /* LaunchScreen.xib */; };
		27F596761A8302D5007485DF /* FlickrApplicationTests.swift in Sources */ = {isa = PBXBuildFile; fileRef = 27F596751A8302D5007485DF /* FlickrApplicationTests.swift */; };
		27F596861A832891007485DF /* FAFlickrSearchCollectionViewController.swift in Sources */ = {isa = PBXBuildFile; fileRef = 27F596851A832891007485DF /* FAFlickrSearchCollectionViewController.swift */; };
		27F596881A832D7B007485DF /* FlickrSearcher.swift in Sources */ = {isa = PBXBuildFile; fileRef = 27F596871A832D7B007485DF /* FlickrSearcher.swift */; };
/* End PBXBuildFile section */

/* Begin PBXContainerItemProxy section */
		27F596701A8302D5007485DF /* PBXContainerItemProxy */ = {
			isa = PBXContainerItemProxy;
			containerPortal = 27F5964F1A8302D4007485DF /* Project object */;
			proxyType = 1;
			remoteGlobalIDString = 27F596561A8302D4007485DF;
			remoteInfo = FlickrApplication;
		};
/* End PBXContainerItemProxy section */

/* Begin PBXFileReference section */
		275860061A83CE4500B620FA /* FACollectionViewCell.swift */ = {isa = PBXFileReference; fileEncoding = 4; lastKnownFileType = sourcecode.swift; path = FACollectionViewCell.swift; sourceTree = "<group>"; };
		275860081A83D56D00B620FA /* FAHeaderCollectionReusableView.swift */ = {isa = PBXFileReference; fileEncoding = 4; lastKnownFileType = sourcecode.swift; name = FAHeaderCollectionReusableView.swift; path = ../FAHeaderCollectionReusableView.swift; sourceTree = "<group>"; };
		2758600A1A83D98300B620FA /* FAUtilities.swift */ = {isa = PBXFileReference; fileEncoding = 4; lastKnownFileType = sourcecode.swift; path = FAUtilities.swift; sourceTree = "<group>"; };
		27F596571A8302D4007485DF /* FlickrApplication.app */ = {isa = PBXFileReference; explicitFileType = wrapper.application; includeInIndex = 0; path = FlickrApplication.app; sourceTree = BUILT_PRODUCTS_DIR; };
		27F5965B1A8302D4007485DF /* Info.plist */ = {isa = PBXFileReference; lastKnownFileType = text.plist.xml; path = Info.plist; sourceTree = "<group>"; };
		27F5965C1A8302D4007485DF /* AppDelegate.swift */ = {isa = PBXFileReference; lastKnownFileType = sourcecode.swift; path = AppDelegate.swift; sourceTree = "<group>"; };
		27F5965F1A8302D4007485DF /* FlickrApplication.xcdatamodel */ = {isa = PBXFileReference; lastKnownFileType = wrapper.xcdatamodel; path = FlickrApplication.xcdatamodel; sourceTree = "<group>"; };
		27F596641A8302D4007485DF /* Base */ = {isa = PBXFileReference; lastKnownFileType = file.storyboard; name = Base; path = Base.lproj/Main.storyboard; sourceTree = "<group>"; };
		27F596661A8302D4007485DF /* Images.xcassets */ = {isa = PBXFileReference; lastKnownFileType = folder.assetcatalog; path = Images.xcassets; sourceTree = "<group>"; };
		27F596691A8302D4007485DF /* Base */ = {isa = PBXFileReference; lastKnownFileType = file.xib; name = Base; path = Base.lproj/LaunchScreen.xib; sourceTree = "<group>"; };
		27F5966F1A8302D5007485DF /* FlickrApplicationTests.xctest */ = {isa = PBXFileReference; explicitFileType = wrapper.cfbundle; includeInIndex = 0; path = FlickrApplicationTests.xctest; sourceTree = BUILT_PRODUCTS_DIR; };
		27F596741A8302D5007485DF /* Info.plist */ = {isa = PBXFileReference; lastKnownFileType = text.plist.xml; path = Info.plist; sourceTree = "<group>"; };
		27F596751A8302D5007485DF /* FlickrApplicationTests.swift */ = {isa = PBXFileReference; lastKnownFileType = sourcecode.swift; path = FlickrApplicationTests.swift; sourceTree = "<group>"; };
		27F596851A832891007485DF /* FAFlickrSearchCollectionViewController.swift */ = {isa = PBXFileReference; fileEncoding = 4; lastKnownFileType = sourcecode.swift; path = FAFlickrSearchCollectionViewController.swift; sourceTree = "<group>"; };
		27F596871A832D7B007485DF /* FlickrSearcher.swift */ = {isa = PBXFileReference; fileEncoding = 4; lastKnownFileType = sourcecode.swift; path = FlickrSearcher.swift; sourceTree = "<group>"; };
/* End PBXFileReference section */

/* Begin PBXFrameworksBuildPhase section */
		27F596541A8302D4007485DF /* Frameworks */ = {
			isa = PBXFrameworksBuildPhase;
			buildActionMask = 2147483647;
			files = (
			);
			runOnlyForDeploymentPostprocessing = 0;
		};
		27F5966C1A8302D5007485DF /* Frameworks */ = {
			isa = PBXFrameworksBuildPhase;
			buildActionMask = 2147483647;
			files = (
			);
			runOnlyForDeploymentPostprocessing = 0;
		};
/* End PBXFrameworksBuildPhase section */

/* Begin PBXGroup section */
		27F5964E1A8302D4007485DF = {
			isa = PBXGroup;
			children = (
				27F596591A8302D4007485DF /* FlickrApplication */,
				27F596721A8302D5007485DF /* FlickrApplicationTests */,
				27F596581A8302D4007485DF /* Products */,
			);
			sourceTree = "<group>";
		};
		27F596581A8302D4007485DF /* Products */ = {
			isa = PBXGroup;
			children = (
				27F596571A8302D4007485DF /* FlickrApplication.app */,
				27F5966F1A8302D5007485DF /* FlickrApplicationTests.xctest */,
			);
			name = Products;
			sourceTree = "<group>";
		};
		27F596591A8302D4007485DF /* FlickrApplication */ = {
			isa = PBXGroup;
			children = (
				275860081A83D56D00B620FA /* FAHeaderCollectionReusableView.swift */,
				27F5965C1A8302D4007485DF /* AppDelegate.swift */,
				27F596631A8302D4007485DF /* Main.storyboard */,
				27F596661A8302D4007485DF /* Images.xcassets */,
				27F596681A8302D4007485DF /* LaunchScreen.xib */,
				27F5965E1A8302D4007485DF /* FlickrApplication.xcdatamodeld */,
				27F5965A1A8302D4007485DF /* Supporting Files */,
				27F596851A832891007485DF /* FAFlickrSearchCollectionViewController.swift */,
				27F596871A832D7B007485DF /* FlickrSearcher.swift */,
				275860061A83CE4500B620FA /* FACollectionViewCell.swift */,
				2758600A1A83D98300B620FA /* FAUtilities.swift */,
			);
			path = FlickrApplication;
			sourceTree = "<group>";
		};
		27F5965A1A8302D4007485DF /* Supporting Files */ = {
			isa = PBXGroup;
			children = (
				27F5965B1A8302D4007485DF /* Info.plist */,
			);
			name = "Supporting Files";
			sourceTree = "<group>";
		};
		27F596721A8302D5007485DF /* FlickrApplicationTests */ = {
			isa = PBXGroup;
			children = (
				27F596751A8302D5007485DF /* FlickrApplicationTests.swift */,
				27F596731A8302D5007485DF /* Supporting Files */,
			);
			path = FlickrApplicationTests;
			sourceTree = "<group>";
		};
		27F596731A8302D5007485DF /* Supporting Files */ = {
			isa = PBXGroup;
			children = (
				27F596741A8302D5007485DF /* Info.plist */,
			);
			name = "Supporting Files";
			sourceTree = "<group>";
		};
/* End PBXGroup section */

/* Begin PBXNativeTarget section */
		27F596561A8302D4007485DF /* FlickrApplication */ = {
			isa = PBXNativeTarget;
			buildConfigurationList = 27F596791A8302D5007485DF /* Build configuration list for PBXNativeTarget "FlickrApplication" */;
			buildPhases = (
				27F596531A8302D4007485DF /* Sources */,
				27F596541A8302D4007485DF /* Frameworks */,
				27F596551A8302D4007485DF /* Resources */,
			);
			buildRules = (
			);
			dependencies = (
			);
			name = FlickrApplication;
			productName = FlickrApplication;
			productReference = 27F596571A8302D4007485DF /* FlickrApplication.app */;
			productType = "com.apple.product-type.application";
		};
		27F5966E1A8302D5007485DF /* FlickrApplicationTests */ = {
			isa = PBXNativeTarget;
			buildConfigurationList = 27F5967C1A8302D5007485DF /* Build configuration list for PBXNativeTarget "FlickrApplicationTests" */;
			buildPhases = (
				27F5966B1A8302D5007485DF /* Sources */,
				27F5966C1A8302D5007485DF /* Frameworks */,
				27F5966D1A8302D5007485DF /* Resources */,
			);
			buildRules = (
			);
			dependencies = (
				27F596711A8302D5007485DF /* PBXTargetDependency */,
			);
			name = FlickrApplicationTests;
			productName = FlickrApplicationTests;
			productReference = 27F5966F1A8302D5007485DF /* FlickrApplicationTests.xctest */;
			productType = "com.apple.product-type.bundle.unit-test";
		};
/* End PBXNativeTarget section */

/* Begin PBXProject section */
		27F5964F1A8302D4007485DF /* Project object */ = {
			isa = PBXProject;
			attributes = {
				LastUpgradeCheck = 0610;
				ORGANIZATIONNAME = "Clay McLeod";
				TargetAttributes = {
					27F596561A8302D4007485DF = {
						CreatedOnToolsVersion = 6.1.1;
					};
					27F5966E1A8302D5007485DF = {
						CreatedOnToolsVersion = 6.1.1;
						TestTargetID = 27F596561A8302D4007485DF;
					};
				};
			};
			buildConfigurationList = 27F596521A8302D4007485DF /* Build configuration list for PBXProject "FlickrApplication" */;
			compatibilityVersion = "Xcode 3.2";
			developmentRegion = English;
			hasScannedForEncodings = 0;
			knownRegions = (
				en,
				Base,
			);
			mainGroup = 27F5964E1A8302D4007485DF;
			productRefGroup = 27F596581A8302D4007485DF /* Products */;
			projectDirPath = "";
			projectRoot = "";
			targets = (
				27F596561A8302D4007485DF /* FlickrApplication */,
				27F5966E1A8302D5007485DF /* FlickrApplicationTests */,
			);
		};
/* End PBXProject section */

/* Begin PBXResourcesBuildPhase section */
		27F596551A8302D4007485DF /* Resources */ = {
			isa = PBXResourcesBuildPhase;
			buildActionMask = 2147483647;
			files = (
				27F596651A8302D4007485DF /* Main.storyboard in Resources */,
				27F5966A1A8302D4007485DF /* LaunchScreen.xib in Resources */,
				27F596671A8302D4007485DF /* Images.xcassets in Resources */,
			);
			runOnlyForDeploymentPostprocessing = 0;
		};
		27F5966D1A8302D5007485DF /* Resources */ = {
			isa = PBXResourcesBuildPhase;
			buildActionMask = 2147483647;
			files = (
			);
			runOnlyForDeploymentPostprocessing = 0;
		};
/* End PBXResourcesBuildPhase section */

/* Begin PBXSourcesBuildPhase section */
		27F596531A8302D4007485DF /* Sources */ = {
			isa = PBXSourcesBuildPhase;
			buildActionMask = 2147483647;
			files = (
				275860071A83CE4500B620FA /* FACollectionViewCell.swift in Sources */,
				2758600B1A83D98300B620FA /* FAUtilities.swift in Sources */,
				27F5965D1A8302D4007485DF /* AppDelegate.swift in Sources */,
				27F596601A8302D4007485DF /* FlickrApplication.xcdatamodeld in Sources */,
				27F596861A832891007485DF /* FAFlickrSearchCollectionViewController.swift in Sources */,
				27F596881A832D7B007485DF /* FlickrSearcher.swift in Sources */,
				275860091A83D56D00B620FA /* FAHeaderCollectionReusableView.swift in Sources */,
			);
			runOnlyForDeploymentPostprocessing = 0;
		};
		27F5966B1A8302D5007485DF /* Sources */ = {
			isa = PBXSourcesBuildPhase;
			buildActionMask = 2147483647;
			files = (
				27F596761A8302D5007485DF /* FlickrApplicationTests.swift in Sources */,
			);
			runOnlyForDeploymentPostprocessing = 0;
		};
/* End PBXSourcesBuildPhase section */

/* Begin PBXTargetDependency section */
		27F596711A8302D5007485DF /* PBXTargetDependency */ = {
			isa = PBXTargetDependency;
			target = 27F596561A8302D4007485DF /* FlickrApplication */;
			targetProxy = 27F596701A8302D5007485DF /* PBXContainerItemProxy */;
		};
/* End PBXTargetDependency section */

/* Begin PBXVariantGroup section */
		27F596631A8302D4007485DF /* Main.storyboard */ = {
			isa = PBXVariantGroup;
			children = (
				27F596641A8302D4007485DF /* Base */,
			);
			name = Main.storyboard;
			sourceTree = "<group>";
		};
		27F596681A8302D4007485DF /* LaunchScreen.xib */ = {
			isa = PBXVariantGroup;
			children = (
				27F596691A8302D4007485DF /* Base */,
			);
			name = LaunchScreen.xib;
			sourceTree = "<group>";
		};
/* End PBXVariantGroup section */

/* Begin XCBuildConfiguration section */
		27F596771A8302D5007485DF /* Debug */ = {
			isa = XCBuildConfiguration;
			buildSettings = {
				ALWAYS_SEARCH_USER_PATHS = NO;
				CLANG_CXX_LANGUAGE_STANDARD = "gnu++0x";
				CLANG_CXX_LIBRARY = "libc++";
				CLANG_ENABLE_MODULES = YES;
				CLANG_ENABLE_OBJC_ARC = YES;
				CLANG_WARN_BOOL_CONVERSION = YES;
				CLANG_WARN_CONSTANT_CONVERSION = YES;
				CLANG_WARN_DIRECT_OBJC_ISA_USAGE = YES_ERROR;
				CLANG_WARN_EMPTY_BODY = YES;
				CLANG_WARN_ENUM_CONVERSION = YES;
				CLANG_WARN_INT_CONVERSION = YES;
				CLANG_WARN_OBJC_ROOT_CLASS = YES_ERROR;
				CLANG_WARN_UNREACHABLE_CODE = YES;
				CLANG_WARN__DUPLICATE_METHOD_MATCH = YES;
				"CODE_SIGN_IDENTITY[sdk=iphoneos*]" = "iPhone Developer";
				COPY_PHASE_STRIP = NO;
				ENABLE_STRICT_OBJC_MSGSEND = YES;
				GCC_C_LANGUAGE_STANDARD = gnu99;
				GCC_DYNAMIC_NO_PIC = NO;
				GCC_OPTIMIZATION_LEVEL = 0;
				GCC_PREPROCESSOR_DEFINITIONS = (
					"DEBUG=1",
					"$(inherited)",
				);
				GCC_SYMBOLS_PRIVATE_EXTERN = NO;
				GCC_WARN_64_TO_32_BIT_CONVERSION = YES;
				GCC_WARN_ABOUT_RETURN_TYPE = YES_ERROR;
				GCC_WARN_UNDECLARED_SELECTOR = YES;
				GCC_WARN_UNINITIALIZED_AUTOS = YES_AGGRESSIVE;
				GCC_WARN_UNUSED_FUNCTION = YES;
				GCC_WARN_UNUSED_VARIABLE = YES;
				IPHONEOS_DEPLOYMENT_TARGET = 8.1;
				MTL_ENABLE_DEBUG_INFO = YES;
				ONLY_ACTIVE_ARCH = YES;
				SDKROOT = iphoneos;
				SWIFT_OPTIMIZATION_LEVEL = "-Onone";
				TARGETED_DEVICE_FAMILY = "1,2";
			};
			name = Debug;
		};
		27F596781A8302D5007485DF /* Release */ = {
			isa = XCBuildConfiguration;
			buildSettings = {
				ALWAYS_SEARCH_USER_PATHS = NO;
				CLANG_CXX_LANGUAGE_STANDARD = "gnu++0x";
				CLANG_CXX_LIBRARY = "libc++";
				CLANG_ENABLE_MODULES = YES;
				CLANG_ENABLE_OBJC_ARC = YES;
				CLANG_WARN_BOOL_CONVERSION = YES;
				CLANG_WARN_CONSTANT_CONVERSION = YES;
				CLANG_WARN_DIRECT_OBJC_ISA_USAGE = YES_ERROR;
				CLANG_WARN_EMPTY_BODY = YES;
				CLANG_WARN_ENUM_CONVERSION = YES;
				CLANG_WARN_INT_CONVERSION = YES;
				CLANG_WARN_OBJC_ROOT_CLASS = YES_ERROR;
				CLANG_WARN_UNREACHABLE_CODE = YES;
				CLANG_WARN__DUPLICATE_METHOD_MATCH = YES;
				"CODE_SIGN_IDENTITY[sdk=iphoneos*]" = "iPhone Developer";
				COPY_PHASE_STRIP = YES;
				ENABLE_NS_ASSERTIONS = NO;
				ENABLE_STRICT_OBJC_MSGSEND = YES;
				GCC_C_LANGUAGE_STANDARD = gnu99;
				GCC_WARN_64_TO_32_BIT_CONVERSION = YES;
				GCC_WARN_ABOUT_RETURN_TYPE = YES_ERROR;
				GCC_WARN_UNDECLARED_SELECTOR = YES;
				GCC_WARN_UNINITIALIZED_AUTOS = YES_AGGRESSIVE;
				GCC_WARN_UNUSED_FUNCTION = YES;
				GCC_WARN_UNUSED_VARIABLE = YES;
				IPHONEOS_DEPLOYMENT_TARGET = 8.1;
				MTL_ENABLE_DEBUG_INFO = NO;
				SDKROOT = iphoneos;
				TARGETED_DEVICE_FAMILY = "1,2";
				VALIDATE_PRODUCT = YES;
			};
			name = Release;
		};
		27F5967A1A8302D5007485DF /* Debug */ = {
			isa = XCBuildConfiguration;
			buildSettings = {
				ASSETCATALOG_COMPILER_APPICON_NAME = AppIcon;
				INFOPLIST_FILE = FlickrApplication/Info.plist;
				LD_RUNPATH_SEARCH_PATHS = "$(inherited) @executable_path/Frameworks";
				PRODUCT_NAME = "$(TARGET_NAME)";
			};
			name = Debug;
		};
		27F5967B1A8302D5007485DF /* Release */ = {
			isa = XCBuildConfiguration;
			buildSettings = {
				ASSETCATALOG_COMPILER_APPICON_NAME = AppIcon;
				INFOPLIST_FILE = FlickrApplication/Info.plist;
				LD_RUNPATH_SEARCH_PATHS = "$(inherited) @executable_path/Frameworks";
				PRODUCT_NAME = "$(TARGET_NAME)";
			};
			name = Release;
		};
		27F5967D1A8302D5007485DF /* Debug */ = {
			isa = XCBuildConfiguration;
			buildSettings = {
				BUNDLE_LOADER = "$(TEST_HOST)";
				FRAMEWORK_SEARCH_PATHS = (
					"$(SDKROOT)/Developer/Library/Frameworks",
					"$(inherited)",
				);
				GCC_PREPROCESSOR_DEFINITIONS = (
					"DEBUG=1",
					"$(inherited)",
				);
				INFOPLIST_FILE = FlickrApplicationTests/Info.plist;
				LD_RUNPATH_SEARCH_PATHS = "$(inherited) @executable_path/Frameworks @loader_path/Frameworks";
				PRODUCT_NAME = "$(TARGET_NAME)";
				TEST_HOST = "$(BUILT_PRODUCTS_DIR)/FlickrApplication.app/FlickrApplication";
			};
			name = Debug;
		};
		27F5967E1A8302D5007485DF /* Release */ = {
			isa = XCBuildConfiguration;
			buildSettings = {
				BUNDLE_LOADER = "$(TEST_HOST)";
				FRAMEWORK_SEARCH_PATHS = (
					"$(SDKROOT)/Developer/Library/Frameworks",
					"$(inherited)",
				);
				INFOPLIST_FILE = FlickrApplicationTests/Info.plist;
				LD_RUNPATH_SEARCH_PATHS = "$(inherited) @executable_path/Frameworks @loader_path/Frameworks";
				PRODUCT_NAME = "$(TARGET_NAME)";
				TEST_HOST = "$(BUILT_PRODUCTS_DIR)/FlickrApplication.app/FlickrApplication";
			};
			name = Release;
		};
/* End XCBuildConfiguration section */

/* Begin XCConfigurationList section */
		27F596521A8302D4007485DF /* Build configuration list for PBXProject "FlickrApplication" */ = {
			isa = XCConfigurationList;
			buildConfigurations = (
				27F596771A8302D5007485DF /* Debug */,
				27F596781A8302D5007485DF /* Release */,
			);
			defaultConfigurationIsVisible = 0;
			defaultConfigurationName = Release;
		};
		27F596791A8302D5007485DF /* Build configuration list for PBXNativeTarget "FlickrApplication" */ = {
			isa = XCConfigurationList;
			buildConfigurations = (
				27F5967A1A8302D5007485DF /* Debug */,
				27F5967B1A8302D5007485DF /* Release */,
			);
			defaultConfigurationIsVisible = 0;
			defaultConfigurationName = Release;
		};
		27F5967C1A8302D5007485DF /* Build configuration list for PBXNativeTarget "FlickrApplicationTests" */ = {
			isa = XCConfigurationList;
			buildConfigurations = (
				27F5967D1A8302D5007485DF /* Debug */,
				27F5967E1A8302D5007485DF /* Release */,
			);
			defaultConfigurationIsVisible = 0;
			defaultConfigurationName = Release;
		};
/* End XCConfigurationList section */

/* Begin XCVersionGroup section */
		27F5965E1A8302D4007485DF /* FlickrApplication.xcdatamodeld */ = {
			isa = XCVersionGroup;
			children = (
				27F5965F1A8302D4007485DF /* FlickrApplication.xcdatamodel */,
			);
			currentVersion = 27F5965F1A8302D4007485DF /* FlickrApplication.xcdatamodel */;
			path = FlickrApplication.xcdatamodeld;
			sourceTree = "<group>";
			versionGroupType = wrapper.xcdatamodel;
		};
/* End XCVersionGroup section */
	};
	rootObject = 27F5964F1A8302D4007485DF /* Project object */;
}
